<?xml version="1.0" encoding="utf-8"?>
<Project ToolsVersion="4.0" xmlns="http://schemas.microsoft.com/developer/msbuild/2003">
  <ItemGroup>
    <Filter Include="00.System">
      <UniqueIdentifier>{e247a930-8213-45c2-b095-a726ca5abf3c}</UniqueIdentifier>
    </Filter>
    <Filter Include="01.Utility">
      <UniqueIdentifier>{0a90ae2f-ad1d-45ec-a826-23e945a706ee}</UniqueIdentifier>
    </Filter>
    <Filter Include="99.Defines">
      <UniqueIdentifier>{56bf5752-e9e5-4d3c-a7be-20759e1e6ff5}</UniqueIdentifier>
    </Filter>
    <Filter Include="01.Utility\00.GameInstance">
      <UniqueIdentifier>{bfce8578-ad6b-4b0e-836f-ad7248cf1308}</UniqueIdentifier>
    </Filter>
    <Filter Include="01.Utility\01.Levels">
      <UniqueIdentifier>{760976d0-2909-4a3c-9996-8103b0c3e046}</UniqueIdentifier>
    </Filter>
    <Filter Include="01.Utility\02.GameObjects">
      <UniqueIdentifier>{dedf4899-44ab-4e2a-9fd5-6757232b3fcf}</UniqueIdentifier>
    </Filter>
    <Filter Include="01.Utility\03.Components">
      <UniqueIdentifier>{e9cddcc4-5a24-450f-93a6-4920e5c1f502}</UniqueIdentifier>
    </Filter>
    <Filter Include="00.System\00.Timers">
      <UniqueIdentifier>{71374c39-058f-4fc4-8e35-a917aaaabe0e}</UniqueIdentifier>
    </Filter>
    <Filter Include="00.System\00.Timers\Manager">
      <UniqueIdentifier>{1367e8ee-a65b-4044-aefd-e5a1cd99aa65}</UniqueIdentifier>
    </Filter>
    <Filter Include="01.Utility\01.Levels\Manager">
      <UniqueIdentifier>{7c2966ae-7008-4a7c-98cd-20f4f6464350}</UniqueIdentifier>
    </Filter>
    <Filter Include="01.Utility\03.Components\Manager">
      <UniqueIdentifier>{be41cf76-fa6a-40c7-bca1-6511329bad05}</UniqueIdentifier>
    </Filter>
    <Filter Include="00.System\01.Device">
      <UniqueIdentifier>{094333ff-b54e-4b39-88d8-a1c5b0f84ce3}</UniqueIdentifier>
    </Filter>
    <Filter Include="00.System\01.Device\Graphic">
      <UniqueIdentifier>{bb05d0d7-3244-4eb0-b596-13286729e19a}</UniqueIdentifier>
    </Filter>
    <Filter Include="01.Utility\03.Components\Transform">
      <UniqueIdentifier>{410bee27-d12b-41a5-870d-eb2859956bfb}</UniqueIdentifier>
    </Filter>
    <Filter Include="01.Utility\03.Components\VIBuffer">
      <UniqueIdentifier>{828717e6-96ed-498b-9729-aa18378fec8f}</UniqueIdentifier>
    </Filter>
    <Filter Include="01.Utility\03.Components\VIBuffer\Rect">
      <UniqueIdentifier>{ca4cd967-eaa9-4315-9212-35980a5e724a}</UniqueIdentifier>
    </Filter>
    <Filter Include="01.Utility\03.Components\Shader">
      <UniqueIdentifier>{6c110ce0-705f-438f-b674-7320aa8c12d8}</UniqueIdentifier>
    </Filter>
    <Filter Include="01.Utility\03.Components\Texture">
      <UniqueIdentifier>{3db8fcb7-2c50-4de5-8be2-1e504ed789fd}</UniqueIdentifier>
    </Filter>
    <Filter Include="01.Utility\03.Components\VIBuffer\Terrain">
      <UniqueIdentifier>{3f848cd1-8794-40c9-849d-e85faffde3e8}</UniqueIdentifier>
    </Filter>
    <Filter Include="01.Utility\02.GameObjects\00.Manager">
      <UniqueIdentifier>{4bce27d1-84e7-487e-87a1-88f4483f60ce}</UniqueIdentifier>
    </Filter>
    <Filter Include="01.Utility\02.GameObjects\00.Manager\Layer">
      <UniqueIdentifier>{c0308119-9f02-4b01-bfa4-b0b518e2683c}</UniqueIdentifier>
    </Filter>
    <Filter Include="01.Utility\02.GameObjects\01.BlendObject">
      <UniqueIdentifier>{dbfd655f-4ce3-4a33-9f09-d43f74e34758}</UniqueIdentifier>
    </Filter>
    <Filter Include="01.Utility\02.GameObjects\02.UI">
      <UniqueIdentifier>{2029984a-c723-4e0a-bc6d-49b20a6508da}</UniqueIdentifier>
    </Filter>
    <Filter Include="01.Utility\02.GameObjects\03.Camera">
      <UniqueIdentifier>{6d40fb68-4468-4cb5-8656-7c48e894277c}</UniqueIdentifier>
    </Filter>
    <Filter Include="01.Utility\05.PipeLine">
      <UniqueIdentifier>{c7cf7e59-18a1-41d7-b3b8-7f7d930f17a6}</UniqueIdentifier>
    </Filter>
    <Filter Include="00.System\01.Device\Input">
      <UniqueIdentifier>{f218174c-0fc4-46cb-a783-c886c8a2b5ae}</UniqueIdentifier>
    </Filter>
    <Filter Include="01.Utility\03.Components\Model">
      <UniqueIdentifier>{93ff8f36-b7eb-4c98-80dc-21fd163e3b4e}</UniqueIdentifier>
    </Filter>
    <Filter Include="01.Utility\03.Components\Model\Mesh">
      <UniqueIdentifier>{d972a303-957a-4df6-84e0-4035d663f9d7}</UniqueIdentifier>
    </Filter>
    <Filter Include="01.Utility\06.Picking">
      <UniqueIdentifier>{6e56ab36-79a5-420e-a42f-e1e2c43c70b1}</UniqueIdentifier>
    </Filter>
    <Filter Include="00.System\01.Device\Input\KeyManager">
      <UniqueIdentifier>{6b3c5fc4-59d6-4f43-8286-27a69c48e1a1}</UniqueIdentifier>
    </Filter>
    <Filter Include="01.Utility\99.SuperClass">
      <UniqueIdentifier>{e97e1dd4-2f50-4559-928e-fdb087e05027}</UniqueIdentifier>
    </Filter>
    <Filter Include="01.Utility\03.Components\Model\Bone">
      <UniqueIdentifier>{f0e69d90-eb26-47ac-b60a-776b15455d41}</UniqueIdentifier>
    </Filter>
    <Filter Include="01.Utility\03.Components\Model\Animation">
      <UniqueIdentifier>{be024907-c0b2-4d74-a2fa-7a36a20bc037}</UniqueIdentifier>
    </Filter>
    <Filter Include="01.Utility\03.Components\Model\Animation\Channel">
      <UniqueIdentifier>{fca651f5-259a-4ed9-8bb7-94b714fd54a4}</UniqueIdentifier>
    </Filter>
    <Filter Include="00.System\01.Device\Sound">
      <UniqueIdentifier>{e8dafeb2-4e10-4341-998a-addd27148d4e}</UniqueIdentifier>
    </Filter>
    <Filter Include="00.System\01.Device\Sound\SoundManager">
      <UniqueIdentifier>{ba379854-ce84-443e-9c26-7a12b296c633}</UniqueIdentifier>
    </Filter>
    <Filter Include="01.Utility\03.Components\FSM">
      <UniqueIdentifier>{7c555e94-5ffe-4543-8ab0-ebcc80cd044a}</UniqueIdentifier>
    </Filter>
    <Filter Include="01.Utility\03.Components\FSM\State">
      <UniqueIdentifier>{d9639c7e-ce68-4b1f-842a-2ea984ddf8bb}</UniqueIdentifier>
    </Filter>
    <Filter Include="01.Utility\02.GameObjects\04.ContainerObject">
      <UniqueIdentifier>{9bb03ae2-fbbd-4dfc-ae87-9a79fdd4d3be}</UniqueIdentifier>
    </Filter>
    <Filter Include="01.Utility\02.GameObjects\04.ContainerObject\CPartObject">
      <UniqueIdentifier>{e4ee1d5e-f967-4822-952a-223851fed8ae}</UniqueIdentifier>
    </Filter>
    <Filter Include="01.Utility\03.Components\Navigation">
      <UniqueIdentifier>{b8f8dba3-4c8c-4969-9816-f7fc1ec15b16}</UniqueIdentifier>
    </Filter>
    <Filter Include="01.Utility\03.Components\VIBuffer\Cell">
      <UniqueIdentifier>{2dec0cbc-fc0f-457e-9189-bada65d22a11}</UniqueIdentifier>
    </Filter>
    <Filter Include="01.Utility\98.ShaderFiles">
      <UniqueIdentifier>{c4d0275c-0d5a-45ac-8512-8587419a9904}</UniqueIdentifier>
    </Filter>
    <Filter Include="01.Utility\03.Components\Collider">
      <UniqueIdentifier>{0fa92d2c-0d03-4e35-ba56-caf7a7407c49}</UniqueIdentifier>
    </Filter>
    <Filter Include="01.Utility\03.Components\Collider\DebugDraw">
      <UniqueIdentifier>{01dda2b0-1a4f-4b81-b8d1-8c9a982f5d49}</UniqueIdentifier>
    </Filter>
    <Filter Include="01.Utility\03.Components\Collider\Bounding">
      <UniqueIdentifier>{0a852905-e3e3-4fa7-b982-dc9693dd2487}</UniqueIdentifier>
    </Filter>
    <Filter Include="01.Utility\03.Components\Collider\Bounding\Bounding_AABB">
      <UniqueIdentifier>{a0649e81-96ea-4bd7-a9ea-7a6cbfe45d9c}</UniqueIdentifier>
    </Filter>
    <Filter Include="01.Utility\03.Components\Collider\Bounding\Bounding_OBB">
      <UniqueIdentifier>{9a60dcc3-2dc2-4a94-bd20-0b6dc47ff717}</UniqueIdentifier>
    </Filter>
    <Filter Include="01.Utility\03.Components\Collider\Bounding\Bounding_Sphere">
      <UniqueIdentifier>{4af040aa-5e12-469e-8857-bff61c2cc968}</UniqueIdentifier>
    </Filter>
    <Filter Include="01.Utility\03.Components\Collider\Manager">
      <UniqueIdentifier>{87866a59-b59a-4212-a1df-4744ebe503c4}</UniqueIdentifier>
    </Filter>
    <Filter Include="01.Utility\03.Components\VIBuffer\Cube">
      <UniqueIdentifier>{ff2a092b-36e6-4f42-8a6e-a1dac59d40f7}</UniqueIdentifier>
    </Filter>
    <Filter Include="01.Utility\07.Font">
      <UniqueIdentifier>{f840c5ec-4830-4ce3-8205-8253c0b0af29}</UniqueIdentifier>
    </Filter>
    <Filter Include="01.Utility\07.Font\Manager">
      <UniqueIdentifier>{e2e15ea3-66fc-4e98-a164-423ee5dc3d19}</UniqueIdentifier>
    </Filter>
    <Filter Include="01.Utility\03.Components\Navigation\Cell">
      <UniqueIdentifier>{d35d8a31-62db-4800-b3dd-25db34df8585}</UniqueIdentifier>
    </Filter>
    <Filter Include="01.Utility\04.Renderer">
      <UniqueIdentifier>{718a3997-f34f-41c2-ba36-80a9e1481f1b}</UniqueIdentifier>
    </Filter>
    <Filter Include="01.Utility\03.Components\VIBuffer\Instancing">
      <UniqueIdentifier>{f2b12209-6bb9-46e5-94b5-e21c54b8ad28}</UniqueIdentifier>
    </Filter>
    <Filter Include="01.Utility\03.Components\VIBuffer\Instancing\Rect">
      <UniqueIdentifier>{8e14700e-53c3-4c1c-98ea-c0a0ed6dc268}</UniqueIdentifier>
    </Filter>
    <Filter Include="01.Utility\03.Components\VIBuffer\Instancing\Point">
      <UniqueIdentifier>{7c91a1e4-a616-4230-a486-6277fd7f0bda}</UniqueIdentifier>
    </Filter>
    <Filter Include="01.Utility\09.RenderTargets">
      <UniqueIdentifier>{5d506f55-e0b8-48e1-8f18-69fad54b2ba4}</UniqueIdentifier>
    </Filter>
    <Filter Include="01.Utility\09.RenderTargets\Manager">
      <UniqueIdentifier>{121b1e42-995c-4de8-9092-f30fa8a9ca49}</UniqueIdentifier>
    </Filter>
    <Filter Include="01.Utility\10.Lights">
      <UniqueIdentifier>{53ab47e5-b3aa-460c-8d7e-10923121ff46}</UniqueIdentifier>
    </Filter>
    <Filter Include="01.Utility\10.Lights\Manager">
      <UniqueIdentifier>{d9c92ee4-0702-4951-9bb9-ce091a11ec9a}</UniqueIdentifier>
    </Filter>
    <Filter Include="01.Utility\02.GameObjects\02.UI\Blend_UI_Object">
      <UniqueIdentifier>{3833ff60-8576-4321-99b1-286716dd121a}</UniqueIdentifier>
    </Filter>
    <Filter Include="01.Utility\03.Components\VIBuffer\Instancing\Trail">
      <UniqueIdentifier>{bfb1e761-e6ac-4715-a51f-33600a75b48d}</UniqueIdentifier>
    </Filter>
    <Filter Include="01.Utility\03.Components\VIBuffer\Instancing\Trail\OnePoint">
      <UniqueIdentifier>{06f0fde3-0de3-4798-81bd-4cd878b5d15c}</UniqueIdentifier>
    </Filter>
    <Filter Include="01.Utility\03.Components\VIBuffer\Instancing\Trail\TwoPoint">
      <UniqueIdentifier>{feb1a126-cb61-4d4c-94b8-dd65a4190b47}</UniqueIdentifier>
    </Filter>
    <Filter Include="01.Utility\08.Frustum">
      <UniqueIdentifier>{d5342110-6850-4e5e-b453-9ced9bf89db4}</UniqueIdentifier>
    </Filter>
    <Filter Include="01.Utility\02.GameObjects\04.ContainerObject\CPartObject\Blend_PartObject">
      <UniqueIdentifier>{03c6a191-7eb2-446f-9c3c-3976de9a2053}</UniqueIdentifier>
    </Filter>
  </ItemGroup>
  <ItemGroup>
    <ClCompile Include="..\Private\Base.cpp">
      <Filter>01.Utility\99.SuperClass</Filter>
    </ClCompile>
    <ClCompile Include="..\Private\GameInstance.cpp">
      <Filter>01.Utility\00.GameInstance</Filter>
    </ClCompile>
    <ClCompile Include="..\Private\Component.cpp">
      <Filter>01.Utility\03.Components</Filter>
    </ClCompile>
    <ClCompile Include="..\Private\GameObject.cpp">
      <Filter>01.Utility\02.GameObjects</Filter>
    </ClCompile>
    <ClCompile Include="..\Private\Level.cpp">
      <Filter>01.Utility\01.Levels</Filter>
    </ClCompile>
    <ClCompile Include="..\Private\Timer.cpp">
      <Filter>00.System\00.Timers</Filter>
    </ClCompile>
    <ClCompile Include="..\Private\Timer_Manager.cpp">
      <Filter>00.System\00.Timers\Manager</Filter>
    </ClCompile>
    <ClCompile Include="..\Private\Level_Manager.cpp">
      <Filter>01.Utility\01.Levels\Manager</Filter>
    </ClCompile>
    <ClCompile Include="..\Private\Object_Manager.cpp">
      <Filter>01.Utility\02.GameObjects\00.Manager</Filter>
    </ClCompile>
    <ClCompile Include="..\Private\Layer.cpp">
      <Filter>01.Utility\02.GameObjects\00.Manager\Layer</Filter>
    </ClCompile>
    <ClCompile Include="..\Private\BlendObject.cpp">
      <Filter>01.Utility\02.GameObjects\01.BlendObject</Filter>
    </ClCompile>
    <ClCompile Include="..\Private\Component_Manager.cpp">
      <Filter>01.Utility\03.Components\Manager</Filter>
    </ClCompile>
    <ClCompile Include="..\Private\Graphic_Device.cpp">
      <Filter>00.System\01.Device\Graphic</Filter>
    </ClCompile>
    <ClCompile Include="..\private\UIObject.cpp">
      <Filter>01.Utility\02.GameObjects\02.UI</Filter>
    </ClCompile>
    <ClCompile Include="..\private\Transform.cpp">
      <Filter>01.Utility\03.Components\Transform</Filter>
    </ClCompile>
    <ClCompile Include="..\Private\Renderer.cpp">
      <Filter>01.Utility\04.Renderer</Filter>
    </ClCompile>
    <ClCompile Include="..\private\VIBuffer.cpp">
      <Filter>01.Utility\03.Components\VIBuffer</Filter>
    </ClCompile>
    <ClCompile Include="..\private\VIBuffer_Rect.cpp">
      <Filter>01.Utility\03.Components\VIBuffer\Rect</Filter>
    </ClCompile>
    <ClCompile Include="..\private\Shader.cpp">
      <Filter>01.Utility\03.Components\Shader</Filter>
    </ClCompile>
    <ClCompile Include="..\Private\Engine_Struct.cpp">
      <Filter>99.Defines</Filter>
    </ClCompile>
    <ClCompile Include="..\private\Texture.cpp">
      <Filter>01.Utility\03.Components\Texture</Filter>
    </ClCompile>
    <ClCompile Include="..\Private\VIBuffer_Terrain.cpp">
      <Filter>01.Utility\03.Components\VIBuffer\Terrain</Filter>
    </ClCompile>
    <ClCompile Include="..\private\Camera.cpp">
      <Filter>01.Utility\02.GameObjects\03.Camera</Filter>
    </ClCompile>
    <ClCompile Include="..\private\PipeLine.cpp">
      <Filter>01.Utility\05.PipeLine</Filter>
    </ClCompile>
    <ClCompile Include="..\Private\Input_Device.cpp">
      <Filter>00.System\01.Device\Input</Filter>
    </ClCompile>
    <ClCompile Include="..\private\Model.cpp">
      <Filter>01.Utility\03.Components\Model</Filter>
    </ClCompile>
    <ClCompile Include="..\private\Mesh.cpp">
      <Filter>01.Utility\03.Components\Model\Mesh</Filter>
    </ClCompile>
    <ClCompile Include="..\Private\Picking.cpp">
      <Filter>01.Utility\06.Picking</Filter>
    </ClCompile>
    <ClCompile Include="..\Private\KeyManager.cpp">
      <Filter>00.System\01.Device\Input\KeyManager</Filter>
    </ClCompile>
    <ClCompile Include="..\private\Bone.cpp">
      <Filter>01.Utility\03.Components\Model\Bone</Filter>
    </ClCompile>
    <ClCompile Include="..\private\Animation.cpp">
      <Filter>01.Utility\03.Components\Model\Animation</Filter>
    </ClCompile>
    <ClCompile Include="..\private\Channel.cpp">
      <Filter>01.Utility\03.Components\Model\Animation\Channel</Filter>
    </ClCompile>
    <ClCompile Include="..\Private\FSM.cpp">
      <Filter>01.Utility\03.Components\FSM</Filter>
    </ClCompile>
    <ClCompile Include="..\Private\State.cpp">
      <Filter>01.Utility\03.Components\FSM\State</Filter>
    </ClCompile>
    <ClCompile Include="..\Private\Sound_Manager.cpp">
      <Filter>00.System\01.Device\Sound\SoundManager</Filter>
    </ClCompile>
    <ClCompile Include="..\private\ContainerObject.cpp">
      <Filter>01.Utility\02.GameObjects\04.ContainerObject</Filter>
    </ClCompile>
    <ClCompile Include="..\private\PartObject.cpp">
      <Filter>01.Utility\02.GameObjects\04.ContainerObject\CPartObject</Filter>
    </ClCompile>
    <ClCompile Include="..\private\Navigation.cpp">
      <Filter>01.Utility\03.Components\Navigation</Filter>
    </ClCompile>
    <ClCompile Include="..\private\Cell.cpp">
      <Filter>01.Utility\03.Components\Navigation\Cell</Filter>
    </ClCompile>
    <ClCompile Include="..\private\VIBuffer_Cell.cpp">
      <Filter>01.Utility\03.Components\VIBuffer\Cell</Filter>
    </ClCompile>
    <ClCompile Include="..\Private\DebugDraw.cpp">
      <Filter>01.Utility\03.Components\Collider\DebugDraw</Filter>
    </ClCompile>
    <ClCompile Include="..\Private\Bounding.cpp">
      <Filter>01.Utility\03.Components\Collider\Bounding</Filter>
    </ClCompile>
    <ClCompile Include="..\Private\Collider.cpp">
      <Filter>01.Utility\03.Components\Collider</Filter>
    </ClCompile>
    <ClCompile Include="..\Private\Bounding_AABB.cpp">
      <Filter>01.Utility\03.Components\Collider\Bounding\Bounding_AABB</Filter>
    </ClCompile>
    <ClCompile Include="..\Private\Bounding_OBB.cpp">
      <Filter>01.Utility\03.Components\Collider\Bounding\Bounding_OBB</Filter>
    </ClCompile>
    <ClCompile Include="..\Private\Bounding_Sphere.cpp">
      <Filter>01.Utility\03.Components\Collider\Bounding\Bounding_Sphere</Filter>
    </ClCompile>
    <ClCompile Include="..\private\Collision_Manager.cpp">
      <Filter>01.Utility\03.Components\Collider\Manager</Filter>
    </ClCompile>
    <ClCompile Include="..\private\VIBuffer_Cube.cpp">
      <Filter>01.Utility\03.Components\VIBuffer\Cube</Filter>
    </ClCompile>
    <ClCompile Include="..\private\CustomFont.cpp">
      <Filter>01.Utility\07.Font</Filter>
    </ClCompile>
    <ClCompile Include="..\private\Font_Manager.cpp">
      <Filter>01.Utility\07.Font\Manager</Filter>
    </ClCompile>
    <ClCompile Include="..\private\VIBuffer_Instancing.cpp">
      <Filter>01.Utility\03.Components\VIBuffer\Instancing</Filter>
    </ClCompile>
    <ClCompile Include="..\private\VIBuffer_Rect_Instance.cpp">
      <Filter>01.Utility\03.Components\VIBuffer\Instancing\Rect</Filter>
    </ClCompile>
    <ClCompile Include="..\private\VIBuffer_Point_Instance.cpp">
      <Filter>01.Utility\03.Components\VIBuffer\Instancing\Point</Filter>
    </ClCompile>
    <ClCompile Include="..\private\Target_Manager.cpp">
      <Filter>01.Utility\09.RenderTargets\Manager</Filter>
    </ClCompile>
    <ClCompile Include="..\private\RenderTarget.cpp">
      <Filter>01.Utility\09.RenderTargets</Filter>
    </ClCompile>
    <ClCompile Include="..\private\Light.cpp">
      <Filter>01.Utility\10.Lights</Filter>
    </ClCompile>
    <ClCompile Include="..\private\Light_Manager.cpp">
      <Filter>01.Utility\10.Lights\Manager</Filter>
    </ClCompile>
    <ClCompile Include="..\private\Blend_UI_Object.cpp">
      <Filter>01.Utility\02.GameObjects\02.UI\Blend_UI_Object</Filter>
    </ClCompile>
    <ClCompile Include="..\private\VIBuffer_Trail_Instance.cpp">
      <Filter>01.Utility\03.Components\VIBuffer\Instancing\Trail\OnePoint</Filter>
    </ClCompile>
    <ClCompile Include="..\Private\VIBuffer_Trail_TwoPoint_Instance.cpp">
      <Filter>01.Utility\03.Components\VIBuffer\Instancing\Trail\TwoPoint</Filter>
    </ClCompile>
    <ClCompile Include="..\Private\Frustum.cpp">
      <Filter>01.Utility\08.Frustum</Filter>
    </ClCompile>
    <ClCompile Include="..\private\Blend_PartObject.cpp">
      <Filter>01.Utility\02.GameObjects\04.ContainerObject\CPartObject\Blend_PartObject</Filter>
    </ClCompile>
  </ItemGroup>
  <ItemGroup>
    <ClInclude Include="..\Public\Base.h">
      <Filter>01.Utility\99.SuperClass</Filter>
    </ClInclude>
    <ClInclude Include="..\Public\GameInstance.h">
      <Filter>01.Utility\00.GameInstance</Filter>
    </ClInclude>
    <ClInclude Include="..\Public\Component.h">
      <Filter>01.Utility\03.Components</Filter>
    </ClInclude>
    <ClInclude Include="..\Public\Engine_Defines.h">
      <Filter>99.Defines</Filter>
    </ClInclude>
    <ClInclude Include="..\Public\Engine_Function.h">
      <Filter>99.Defines</Filter>
    </ClInclude>
    <ClInclude Include="..\Public\Engine_Macro.h">
      <Filter>99.Defines</Filter>
    </ClInclude>
    <ClInclude Include="..\Public\Engine_Struct.h">
      <Filter>99.Defines</Filter>
    </ClInclude>
    <ClInclude Include="..\Public\Engine_Typedef.h">
      <Filter>99.Defines</Filter>
    </ClInclude>
    <ClInclude Include="..\Public\GameObject.h">
      <Filter>01.Utility\02.GameObjects</Filter>
    </ClInclude>
    <ClInclude Include="..\Public\Level.h">
      <Filter>01.Utility\01.Levels</Filter>
    </ClInclude>
    <ClInclude Include="..\Public\Timer.h">
      <Filter>00.System\00.Timers</Filter>
    </ClInclude>
    <ClInclude Include="..\Public\Timer_Manager.h">
      <Filter>00.System\00.Timers\Manager</Filter>
    </ClInclude>
    <ClInclude Include="..\Public\Level_Manager.h">
      <Filter>01.Utility\01.Levels\Manager</Filter>
    </ClInclude>
    <ClInclude Include="..\Public\Object_Manager.h">
      <Filter>01.Utility\02.GameObjects\00.Manager</Filter>
    </ClInclude>
    <ClInclude Include="..\Public\Layer.h">
      <Filter>01.Utility\02.GameObjects\00.Manager\Layer</Filter>
    </ClInclude>
    <ClInclude Include="..\Public\BlendObject.h">
      <Filter>01.Utility\02.GameObjects\01.BlendObject</Filter>
    </ClInclude>
    <ClInclude Include="..\Public\Component_Manager.h">
      <Filter>01.Utility\03.Components\Manager</Filter>
    </ClInclude>
    <ClInclude Include="..\Public\Graphic_Device.h">
      <Filter>00.System\01.Device\Graphic</Filter>
    </ClInclude>
    <ClInclude Include="..\public\UIObject.h">
      <Filter>01.Utility\02.GameObjects\02.UI</Filter>
    </ClInclude>
    <ClInclude Include="..\public\Transform.h">
      <Filter>01.Utility\03.Components\Transform</Filter>
    </ClInclude>
    <ClInclude Include="..\Public\Renderer.h">
      <Filter>01.Utility\04.Renderer</Filter>
    </ClInclude>
    <ClInclude Include="..\public\VIBuffer.h">
      <Filter>01.Utility\03.Components\VIBuffer</Filter>
    </ClInclude>
    <ClInclude Include="..\public\VIBuffer_Rect.h">
      <Filter>01.Utility\03.Components\VIBuffer\Rect</Filter>
    </ClInclude>
    <ClInclude Include="..\public\Shader.h">
      <Filter>01.Utility\03.Components\Shader</Filter>
    </ClInclude>
    <ClInclude Include="..\public\Texture.h">
      <Filter>01.Utility\03.Components\Texture</Filter>
    </ClInclude>
    <ClInclude Include="..\Public\VIBuffer_Terrain.h">
      <Filter>01.Utility\03.Components\VIBuffer\Terrain</Filter>
    </ClInclude>
    <ClInclude Include="..\public\Camera.h">
      <Filter>01.Utility\02.GameObjects\03.Camera</Filter>
    </ClInclude>
    <ClInclude Include="..\public\PipeLine.h">
      <Filter>01.Utility\05.PipeLine</Filter>
    </ClInclude>
    <ClInclude Include="..\Public\Input_Device.h">
      <Filter>00.System\01.Device\Input</Filter>
    </ClInclude>
    <ClInclude Include="..\public\Model.h">
      <Filter>01.Utility\03.Components\Model</Filter>
    </ClInclude>
    <ClInclude Include="..\public\Mesh.h">
      <Filter>01.Utility\03.Components\Model\Mesh</Filter>
    </ClInclude>
    <ClInclude Include="..\Public\Picking.h">
      <Filter>01.Utility\06.Picking</Filter>
    </ClInclude>
    <ClInclude Include="..\Public\KeyManager.h">
      <Filter>00.System\01.Device\Input\KeyManager</Filter>
    </ClInclude>
    <ClInclude Include="..\public\Bone.h">
      <Filter>01.Utility\03.Components\Model\Bone</Filter>
    </ClInclude>
    <ClInclude Include="..\public\Animation.h">
      <Filter>01.Utility\03.Components\Model\Animation</Filter>
    </ClInclude>
    <ClInclude Include="..\public\Channel.h">
      <Filter>01.Utility\03.Components\Model\Animation\Channel</Filter>
    </ClInclude>
    <ClInclude Include="..\Public\FSM.h">
      <Filter>01.Utility\03.Components\FSM</Filter>
    </ClInclude>
    <ClInclude Include="..\Public\State.h">
      <Filter>01.Utility\03.Components\FSM\State</Filter>
    </ClInclude>
    <ClInclude Include="..\Public\Sound_Manager.h">
      <Filter>00.System\01.Device\Sound\SoundManager</Filter>
    </ClInclude>
    <ClInclude Include="..\public\ContainerObject.h">
      <Filter>01.Utility\02.GameObjects\04.ContainerObject</Filter>
    </ClInclude>
    <ClInclude Include="..\public\PartObject.h">
      <Filter>01.Utility\02.GameObjects\04.ContainerObject\CPartObject</Filter>
    </ClInclude>
    <ClInclude Include="..\public\Navigation.h">
      <Filter>01.Utility\03.Components\Navigation</Filter>
    </ClInclude>
    <ClInclude Include="..\public\Cell.h">
      <Filter>01.Utility\03.Components\Navigation\Cell</Filter>
    </ClInclude>
    <ClInclude Include="..\public\VIBuffer_Cell.h">
      <Filter>01.Utility\03.Components\VIBuffer\Cell</Filter>
    </ClInclude>
    <ClInclude Include="..\Public\DebugDraw.h">
      <Filter>01.Utility\03.Components\Collider\DebugDraw</Filter>
    </ClInclude>
    <ClInclude Include="..\Public\Bounding.h">
      <Filter>01.Utility\03.Components\Collider\Bounding</Filter>
    </ClInclude>
    <ClInclude Include="..\Public\Bounding_AABB.h">
      <Filter>01.Utility\03.Components\Collider\Bounding\Bounding_AABB</Filter>
    </ClInclude>
    <ClInclude Include="..\Public\Bounding_OBB.h">
      <Filter>01.Utility\03.Components\Collider\Bounding\Bounding_OBB</Filter>
    </ClInclude>
    <ClInclude Include="..\Public\Bounding_Sphere.h">
      <Filter>01.Utility\03.Components\Collider\Bounding\Bounding_Sphere</Filter>
    </ClInclude>
    <ClInclude Include="..\Public\Collider.h">
      <Filter>01.Utility\03.Components\Collider</Filter>
    </ClInclude>
    <ClInclude Include="..\public\Collision_Manager.h">
      <Filter>01.Utility\03.Components\Collider\Manager</Filter>
    </ClInclude>
    <ClInclude Include="..\public\VIBuffer_Cube.h">
      <Filter>01.Utility\03.Components\VIBuffer\Cube</Filter>
    </ClInclude>
    <ClInclude Include="..\public\CustomFont.h">
      <Filter>01.Utility\07.Font</Filter>
    </ClInclude>
    <ClInclude Include="..\public\Font_Manager.h">
      <Filter>01.Utility\07.Font\Manager</Filter>
    </ClInclude>
    <ClInclude Include="..\public\VIBuffer_Instancing.h">
      <Filter>01.Utility\03.Components\VIBuffer\Instancing</Filter>
    </ClInclude>
    <ClInclude Include="..\public\VIBuffer_Rect_Instance.h">
      <Filter>01.Utility\03.Components\VIBuffer\Instancing\Rect</Filter>
    </ClInclude>
    <ClInclude Include="..\public\VIBuffer_Point_Instance.h">
      <Filter>01.Utility\03.Components\VIBuffer\Instancing\Point</Filter>
    </ClInclude>
    <ClInclude Include="..\public\Target_Manager.h">
      <Filter>01.Utility\09.RenderTargets\Manager</Filter>
    </ClInclude>
    <ClInclude Include="..\public\RenderTarget.h">
      <Filter>01.Utility\09.RenderTargets</Filter>
    </ClInclude>
    <ClInclude Include="..\public\Light.h">
      <Filter>01.Utility\10.Lights</Filter>
    </ClInclude>
    <ClInclude Include="..\public\Light_Manager.h">
      <Filter>01.Utility\10.Lights\Manager</Filter>
    </ClInclude>
    <ClInclude Include="..\public\Blend_UI_Object.h">
      <Filter>01.Utility\02.GameObjects\02.UI\Blend_UI_Object</Filter>
    </ClInclude>
    <ClInclude Include="..\public\VIBuffer_Trail_Instance.h">
      <Filter>01.Utility\03.Components\VIBuffer\Instancing\Trail\OnePoint</Filter>
    </ClInclude>
    <ClInclude Include="..\Public\VIBuffer_Trail_TwoPoint_Instance.h">
      <Filter>01.Utility\03.Components\VIBuffer\Instancing\Trail\TwoPoint</Filter>
    </ClInclude>
    <ClInclude Include="..\Public\Frustum.h">
      <Filter>01.Utility\08.Frustum</Filter>
    </ClInclude>
    <ClInclude Include="..\public\Blend_PartObject.h">
      <Filter>01.Utility\02.GameObjects\04.ContainerObject\CPartObject\Blend_PartObject</Filter>
    </ClInclude>
  </ItemGroup>
  <ItemGroup>
    <FxCompile Include="..\Bin\ShaderFiles\Shader_Cell.hlsl">
      <Filter>01.Utility\98.ShaderFiles</Filter>
    </FxCompile>
    <FxCompile Include="..\Bin\ShaderFiles\Shader_Deferred.hlsl">
      <Filter>01.Utility\98.ShaderFiles</Filter>
    </FxCompile>
  </ItemGroup>
  <ItemGroup>
    <None Include="..\Bin\ShaderFiles\Shader_Engine_Defines.hlsli">
      <Filter>01.Utility\98.ShaderFiles</Filter>
    </None>
  </ItemGroup>
</Project>