<?xml version="1.0" encoding="utf-8"?>
<Project ToolsVersion="4.0" xmlns="http://schemas.microsoft.com/developer/msbuild/2003">
  <ItemGroup>
    <Filter Include="99.Defines">
      <UniqueIdentifier>{fb79177f-6af2-42b8-a50b-bbc3b63e3f72}</UniqueIdentifier>
    </Filter>
    <Filter Include="00.MainApp">
      <UniqueIdentifier>{36ddfabb-8bb7-40c9-a17f-c7b97483a7fd}</UniqueIdentifier>
    </Filter>
    <Filter Include="01.Levels">
      <UniqueIdentifier>{f44a7a5e-dc7a-460e-9e7e-389f947c35ff}</UniqueIdentifier>
    </Filter>
    <Filter Include="01.Levels\Logo">
      <UniqueIdentifier>{bfceb82a-607f-4756-925e-dbf78b769e31}</UniqueIdentifier>
    </Filter>
    <Filter Include="01.Levels\GamePlay">
      <UniqueIdentifier>{496bfdc0-36c4-4ae4-a032-6e701acb2b32}</UniqueIdentifier>
    </Filter>
    <Filter Include="01.Levels\Loading">
      <UniqueIdentifier>{5826f108-d734-4b34-a4f6-11a528a309a5}</UniqueIdentifier>
    </Filter>
    <Filter Include="01.Levels\Loading\Loader">
      <UniqueIdentifier>{91d96f38-b5f2-4ed1-a4ee-a6224c0c3cf0}</UniqueIdentifier>
    </Filter>
    <Filter Include="02.GameObjects">
      <UniqueIdentifier>{bd09e51d-766a-4343-ad6c-b0e50d2d43cd}</UniqueIdentifier>
    </Filter>
    <Filter Include="02.GameObjects\00.BackGround">
      <UniqueIdentifier>{21287f1c-586b-4a97-90d2-9e630f240bae}</UniqueIdentifier>
    </Filter>
    <Filter Include="98.Default">
      <UniqueIdentifier>{4d9edaa0-3df0-42f3-8df9-280f1ae7af4a}</UniqueIdentifier>
    </Filter>
    <Filter Include="97.ShaderFiles">
      <UniqueIdentifier>{16251933-5a3e-4bdb-8f5e-4d9b7af0d35d}</UniqueIdentifier>
    </Filter>
    <Filter Include="02.GameObjects\01.Terrain">
      <UniqueIdentifier>{e3eb8a4e-7019-4deb-af0f-806abe1a5053}</UniqueIdentifier>
    </Filter>
    <Filter Include="02.GameObjects\99.Camera">
      <UniqueIdentifier>{aae6caeb-858d-4707-9718-e4b878cdd9de}</UniqueIdentifier>
    </Filter>
    <Filter Include="02.GameObjects\02.Labyrinth">
      <UniqueIdentifier>{0083e25f-5f57-4f81-8604-c0d79a304e39}</UniqueIdentifier>
    </Filter>
    <Filter Include="02.GameObjects\03.Player">
      <UniqueIdentifier>{2d8b8844-068e-4f05-87b9-423e449a3382}</UniqueIdentifier>
    </Filter>
    <Filter Include="02.GameObjects\04.Monster">
      <UniqueIdentifier>{936de04e-9d12-4455-945f-796fe6d8d862}</UniqueIdentifier>
    </Filter>
    <Filter Include="02.GameObjects\03.Player\Player_State">
      <UniqueIdentifier>{6e5f7819-5ed8-47bc-9c8c-1b8f5b6caa10}</UniqueIdentifier>
    </Filter>
    <Filter Include="02.GameObjects\03.Player\Player_State\Player_Attack">
      <UniqueIdentifier>{6336888e-a3ca-4858-b204-33214ff894fa}</UniqueIdentifier>
    </Filter>
    <Filter Include="02.GameObjects\03.Player\Player_State\Player_Move">
      <UniqueIdentifier>{144458ad-8706-4f9f-8914-c1dc8edcb0ed}</UniqueIdentifier>
    </Filter>
    <Filter Include="02.GameObjects\03.Player\Player_State\Player_Block">
      <UniqueIdentifier>{c9bdc206-78c2-4f39-a558-aecbc47be9b9}</UniqueIdentifier>
    </Filter>
    <Filter Include="02.GameObjects\03.Player\Player_State\Player_Jump">
      <UniqueIdentifier>{d5e509d9-f22d-42c1-a755-6e7d5001e55e}</UniqueIdentifier>
    </Filter>
    <Filter Include="02.GameObjects\03.Player\Player_State\Player_Impact">
      <UniqueIdentifier>{e72ecd44-5525-4600-ad12-52981c648867}</UniqueIdentifier>
    </Filter>
    <Filter Include="02.GameObjects\03.Player\Player_State\Player_Action">
      <UniqueIdentifier>{6b9a920e-5470-4485-ac5d-40bf8d161507}</UniqueIdentifier>
    </Filter>
    <Filter Include="02.GameObjects\03.Player\Player_Part">
      <UniqueIdentifier>{1f44ca9e-1b00-4be7-8445-849a60946189}</UniqueIdentifier>
    </Filter>
    <Filter Include="02.GameObjects\03.Player\Player_Part\Player_Part_Body">
      <UniqueIdentifier>{8d9eb51e-fb93-4cc6-92c0-188aab3b4c15}</UniqueIdentifier>
    </Filter>
    <Filter Include="02.GameObjects\03.Player\Player_Part\Player_Part_Weapon">
      <UniqueIdentifier>{05f84767-01c5-4c54-9d9a-014d9765064a}</UniqueIdentifier>
    </Filter>
    <Filter Include="02.GameObjects\03.Player\Player_Part\Player_Part_Item">
      <UniqueIdentifier>{0b1cd144-885f-4e47-8f83-4f5e0fa33a6e}</UniqueIdentifier>
    </Filter>
    <Filter Include="02.GameObjects\03.Player\Player_Part\Player_Part_Shield">
      <UniqueIdentifier>{0f693bd8-432d-4a04-87a2-70c2f74e8946}</UniqueIdentifier>
    </Filter>
    <Filter Include="02.GameObjects\03.Player\Player_Part\Player_Part_Effect">
      <UniqueIdentifier>{5aadc0e1-a328-4a82-9dcf-179a3890e613}</UniqueIdentifier>
    </Filter>
    <Filter Include="02.GameObjects\05.Puzzle">
      <UniqueIdentifier>{a9bd7027-5ab4-4348-82ec-f08fcb5e482a}</UniqueIdentifier>
    </Filter>
    <Filter Include="02.GameObjects\05.Puzzle\PuzzlePart">
      <UniqueIdentifier>{6e0c7cde-7dbc-4560-85f0-7cedd0d13ded}</UniqueIdentifier>
    </Filter>
    <Filter Include="02.GameObjects\02.Labyrinth\FloorChunk">
      <UniqueIdentifier>{755c1557-d2d6-4942-af9f-7cce6555740f}</UniqueIdentifier>
    </Filter>
    <Filter Include="02.GameObjects\06.Sky">
      <UniqueIdentifier>{9c0ded80-055c-43e7-aac3-97390082fb9b}</UniqueIdentifier>
    </Filter>
    <Filter Include="02.GameObjects\07.Interaction">
      <UniqueIdentifier>{1a854389-390f-4fbf-a4c0-23151c926c52}</UniqueIdentifier>
    </Filter>
    <Filter Include="02.GameObjects\07.Interaction\Teleport">
      <UniqueIdentifier>{8047ee15-7761-4ca7-9860-faa1d7fa26ca}</UniqueIdentifier>
    </Filter>
    <Filter Include="02.GameObjects\07.Interaction\Pedestal">
      <UniqueIdentifier>{ad7c1698-8bff-48d7-8eef-96416745bbe2}</UniqueIdentifier>
    </Filter>
    <Filter Include="02.GameObjects\07.Interaction\Teleport\Container">
      <UniqueIdentifier>{1a9c4513-25cd-4b41-8483-9f3fef57cb33}</UniqueIdentifier>
    </Filter>
    <Filter Include="02.GameObjects\04.Monster\Monster_Object">
      <UniqueIdentifier>{d4e3013a-f616-4c3e-a5f2-35c7f545d4da}</UniqueIdentifier>
    </Filter>
    <Filter Include="02.GameObjects\04.Monster\Monster_Object\Lab_Troll">
      <UniqueIdentifier>{e57570c8-36be-49ba-8576-953848fdc6f4}</UniqueIdentifier>
    </Filter>
    <Filter Include="02.GameObjects\04.Monster\Monster_Object\Lab_Troll\Lab_Troll_Body">
      <UniqueIdentifier>{c1957120-d1e8-4162-aed2-acb20002d5df}</UniqueIdentifier>
    </Filter>
    <Filter Include="02.GameObjects\04.Monster\Monster_Object\Lab_Troll\Lab_Troll_Weapon">
      <UniqueIdentifier>{017917e8-a857-4206-bd60-8a9e4e268c19}</UniqueIdentifier>
    </Filter>
    <Filter Include="02.GameObjects\04.Monster\Monster_Object\Lab_Mage">
      <UniqueIdentifier>{72af6c91-f3ac-479a-bbc4-caa6689784f2}</UniqueIdentifier>
    </Filter>
    <Filter Include="02.GameObjects\04.Monster\Monster_Object\Lab_Mage\Lab_Mage_Body">
      <UniqueIdentifier>{5e92da70-e0dc-4400-9491-aa5cb3f23ec8}</UniqueIdentifier>
    </Filter>
    <Filter Include="02.GameObjects\04.Monster\Monster_Object\Lab_Mage\Lab_Mage_Attack">
      <UniqueIdentifier>{0a78ef59-cd1a-4521-88f1-03fb614fe171}</UniqueIdentifier>
    </Filter>
    <Filter Include="02.GameObjects\04.Monster\Monster_Object\Lab_Drum">
      <UniqueIdentifier>{e523ed0c-9557-4b02-b7e0-50a4b42aadba}</UniqueIdentifier>
    </Filter>
    <Filter Include="02.GameObjects\04.Monster\Monster_Object\Lab_Drum\Lab_Drum_Body">
      <UniqueIdentifier>{6270e158-9acf-49b0-af6f-1f65a3974c71}</UniqueIdentifier>
    </Filter>
    <Filter Include="02.GameObjects\04.Monster\Monster_Object\Lab_Drum\Lab_Drum_Attack">
      <UniqueIdentifier>{019a6de6-015f-4a1a-9ea1-aeb3c2385544}</UniqueIdentifier>
    </Filter>
    <Filter Include="02.GameObjects\04.Monster\Monster_Object\Lab_Construct">
      <UniqueIdentifier>{560fb125-622a-4575-8b77-8de2ec8d886a}</UniqueIdentifier>
    </Filter>
    <Filter Include="02.GameObjects\04.Monster\Monster_Object\Lab_Construct\Lab_Construct_Body">
      <UniqueIdentifier>{1fbc8779-f8a7-49bc-8d83-d5dfa3b27bdf}</UniqueIdentifier>
    </Filter>
    <Filter Include="02.GameObjects\04.Monster\Monster_Object\Lab_Construct\Lab_Construct_Attack">
      <UniqueIdentifier>{e55f07bc-689e-47eb-8f29-6e0266296d8c}</UniqueIdentifier>
    </Filter>
    <Filter Include="02.GameObjects\04.Monster\Monster_Object\Boss_Lab">
      <UniqueIdentifier>{79ea67db-7d88-4879-8231-df375e3b9e97}</UniqueIdentifier>
    </Filter>
    <Filter Include="02.GameObjects\04.Monster\Monster_Object\Boss_Lab\Boss_Lab_Body">
      <UniqueIdentifier>{dbec92f0-62cf-48e3-a0dc-01eb2270cf75}</UniqueIdentifier>
    </Filter>
    <Filter Include="02.GameObjects\04.Monster\Monster_Object\Boss_Lab\Boss_Lab_Attack">
      <UniqueIdentifier>{309f0f10-35c2-447f-9dc3-7e0da8d88c71}</UniqueIdentifier>
    </Filter>
    <Filter Include="02.GameObjects\08.Particle">
      <UniqueIdentifier>{aee74885-e953-4549-b916-6f6c61854de7}</UniqueIdentifier>
    </Filter>
    <Filter Include="02.GameObjects\04.Monster\Monster_Particle">
      <UniqueIdentifier>{aa9841c7-c60b-4e9f-9f29-1dc2126f3583}</UniqueIdentifier>
    </Filter>
    <Filter Include="02.GameObjects\04.Monster\Monster_Particle\Death">
      <UniqueIdentifier>{4503c5ef-4657-481a-8bd1-5062c50f0003}</UniqueIdentifier>
    </Filter>
    <Filter Include="02.GameObjects\08.Particle\Particle_Spawn">
      <UniqueIdentifier>{0d93fb87-9f74-40fc-af88-478eab6ff0c9}</UniqueIdentifier>
    </Filter>
    <Filter Include="02.GameObjects\08.Particle\Particle_Snow">
      <UniqueIdentifier>{4c3d7214-8ee4-4e5e-9fa7-9191797edd0f}</UniqueIdentifier>
    </Filter>
    <Filter Include="02.GameObjects\08.Particle\Particle_Smoke">
      <UniqueIdentifier>{75eadc74-a06d-4bc1-9ca9-ef8fe2783954}</UniqueIdentifier>
    </Filter>
    <Filter Include="02.GameObjects\09.Effect">
      <UniqueIdentifier>{1fc329ac-4d52-40eb-b33b-432027b72c9d}</UniqueIdentifier>
    </Filter>
    <Filter Include="02.GameObjects\09.Effect\Effect_Flash">
      <UniqueIdentifier>{8178cb37-fbbc-4cee-9ea7-70c3b134a607}</UniqueIdentifier>
    </Filter>
    <Filter Include="02.GameObjects\09.Effect\Effect_Spark">
      <UniqueIdentifier>{e9ba73ce-6a0a-4809-9c85-6cfab4a9dd71}</UniqueIdentifier>
    </Filter>
    <Filter Include="02.GameObjects\09.Effect\Effect_Blood">
      <UniqueIdentifier>{d4f2d926-6b28-4aad-9b10-f314feed4932}</UniqueIdentifier>
    </Filter>
    <Filter Include="02.GameObjects\09.Effect\Effect_Blood\BloodCore">
      <UniqueIdentifier>{17040dd2-771a-4dae-8565-8abc0aac87b0}</UniqueIdentifier>
    </Filter>
    <Filter Include="02.GameObjects\09.Effect\Effect_Blood\BloodSpray">
      <UniqueIdentifier>{4a5ee403-744a-4e11-bf76-fdc1e5dd3027}</UniqueIdentifier>
    </Filter>
    <Filter Include="02.GameObjects\08.Particle\Particle_AttackLight">
      <UniqueIdentifier>{6196d147-51dc-4479-849e-94783fb878ba}</UniqueIdentifier>
    </Filter>
    <Filter Include="02.GameObjects\04.Monster\Monster_Object\Boss_Lab\Boss_Lab_Teleport_Smoke">
      <UniqueIdentifier>{7b334a4e-14bc-4703-bb22-b3dfbc9ccbfa}</UniqueIdentifier>
    </Filter>
    <Filter Include="02.GameObjects\04.Monster\Monster_Object\Boss_Lab\Boss_Lab_Teleport_Stone">
      <UniqueIdentifier>{433af42f-b4a2-4aed-addf-41c0c77c4090}</UniqueIdentifier>
    </Filter>
    <Filter Include="02.GameObjects\09.Effect\Effect_Flare">
      <UniqueIdentifier>{6434659f-93fe-45cd-839d-5c17f4bb9ed2}</UniqueIdentifier>
    </Filter>
    <Filter Include="02.GameObjects\08.Particle\Particle_LaunchStone">
      <UniqueIdentifier>{ef056f68-7c44-4e27-bfc6-950d65f3d1a1}</UniqueIdentifier>
    </Filter>
    <Filter Include="02.GameObjects\08.Particle\Particle_LaunchWaterDrop">
      <UniqueIdentifier>{bdd1bfe8-1910-4531-b9f1-8688aba6b153}</UniqueIdentifier>
    </Filter>
    <Filter Include="02.GameObjects\10.UI">
      <UniqueIdentifier>{30b63fa9-995e-4385-b067-20a90cae3897}</UniqueIdentifier>
    </Filter>
    <Filter Include="02.GameObjects\10.UI\Logo">
      <UniqueIdentifier>{ccab4a9b-f6f1-4a13-a60a-8e2c1afcc421}</UniqueIdentifier>
    </Filter>
    <Filter Include="02.GameObjects\10.UI\Logo\GlowStar">
      <UniqueIdentifier>{5a9fd8c7-8e33-444f-a989-c240bd1b88a3}</UniqueIdentifier>
    </Filter>
    <Filter Include="02.GameObjects\10.UI\Logo\LogoTitle">
      <UniqueIdentifier>{89354f8d-7249-44de-aef5-bc9ca11366c4}</UniqueIdentifier>
    </Filter>
    <Filter Include="02.GameObjects\10.UI\Logo\LogoMaze">
      <UniqueIdentifier>{2f635f06-1039-4cad-bfdf-704361dda03b}</UniqueIdentifier>
    </Filter>
    <Filter Include="02.GameObjects\10.UI\Logo\TextBox">
      <UniqueIdentifier>{f167159d-8147-45a3-add6-2e6023698127}</UniqueIdentifier>
    </Filter>
    <Filter Include="02.GameObjects\10.UI\Loading">
      <UniqueIdentifier>{6340d2b7-abd4-4b4a-b199-c86f2ebd67b3}</UniqueIdentifier>
    </Filter>
    <Filter Include="02.GameObjects\99.Camera\Container">
      <UniqueIdentifier>{ab6a11de-ffe0-41dd-93b0-29478d27ffc8}</UniqueIdentifier>
    </Filter>
    <Filter Include="02.GameObjects\99.Camera\Object">
      <UniqueIdentifier>{df18fcac-6a22-4701-8901-db3d783a16fd}</UniqueIdentifier>
    </Filter>
    <Filter Include="02.GameObjects\99.Camera\Object\Camera_Shorder">
      <UniqueIdentifier>{b1fe764a-1626-4929-b382-0ff749f16492}</UniqueIdentifier>
    </Filter>
    <Filter Include="02.GameObjects\99.Camera\Object\Camera_Interaction">
      <UniqueIdentifier>{74d75fee-b338-4c56-9797-e74730e1de0d}</UniqueIdentifier>
    </Filter>
    <Filter Include="02.GameObjects\05.Puzzle\PuzzleInter">
      <UniqueIdentifier>{3b00a354-cd0d-4ef8-9c27-d32f577b99bb}</UniqueIdentifier>
    </Filter>
    <Filter Include="02.GameObjects\11.Inventory">
      <UniqueIdentifier>{39e29d83-a52c-4a02-a820-fa759a73e723}</UniqueIdentifier>
    </Filter>
    <Filter Include="02.GameObjects\11.Inventory\Item">
      <UniqueIdentifier>{d67427ad-a8a3-4fba-af1d-2e634a23f5eb}</UniqueIdentifier>
    </Filter>
    <Filter Include="02.GameObjects\11.Inventory\Item\DragonHeart">
      <UniqueIdentifier>{a01dabdd-e621-4e18-8314-f6e76ca21a7c}</UniqueIdentifier>
    </Filter>
    <Filter Include="02.GameObjects\07.Interaction\WayPoint">
      <UniqueIdentifier>{46e60916-c99b-44cb-b00d-f96563cdb526}</UniqueIdentifier>
    </Filter>
    <Filter Include="02.GameObjects\07.Interaction\WayPoint\WayPoint_Interaction">
      <UniqueIdentifier>{253bc240-b02b-4bcc-abca-13be8e312cd4}</UniqueIdentifier>
    </Filter>
    <Filter Include="02.GameObjects\07.Interaction\Pedestal\Pedestal_Item">
      <UniqueIdentifier>{9c84d946-24e1-4d74-bbf2-011e2b257667}</UniqueIdentifier>
    </Filter>
    <Filter Include="02.GameObjects\11.Inventory\Item\RuneKey">
      <UniqueIdentifier>{fc7bd929-70a7-4ab8-bef4-befaffb41ffe}</UniqueIdentifier>
    </Filter>
    <Filter Include="02.GameObjects\07.Interaction\Pedestal\Pedestal_InterColl">
      <UniqueIdentifier>{d3a8ee8f-e5fd-4936-a0dd-500a1b842db6}</UniqueIdentifier>
    </Filter>
    <Filter Include="02.GameObjects\11.Inventory\Item\Puzzle_Item">
      <UniqueIdentifier>{b3a8bc48-5c4d-4ee4-902f-8f02d70d0758}</UniqueIdentifier>
    </Filter>
    <Filter Include="02.GameObjects\10.UI\GamePlay">
      <UniqueIdentifier>{5ee338f2-b704-40e6-a32d-2e5e183e279a}</UniqueIdentifier>
    </Filter>
    <Filter Include="02.GameObjects\10.UI\GamePlay\Player">
      <UniqueIdentifier>{ac225101-507f-43eb-8b00-aa4dd71b2c00}</UniqueIdentifier>
    </Filter>
    <Filter Include="02.GameObjects\10.UI\GamePlay\Player\DragonHeart">
      <UniqueIdentifier>{24fff5da-770b-46e7-920f-a396ebd5045a}</UniqueIdentifier>
    </Filter>
    <Filter Include="02.GameObjects\10.UI\GamePlay\Player\DragonStone">
      <UniqueIdentifier>{77ddb63e-fffe-4449-8e15-f2660a6c7103}</UniqueIdentifier>
    </Filter>
    <Filter Include="02.GameObjects\10.UI\GamePlay\Player\GageBar">
      <UniqueIdentifier>{3be5c7b2-a1ef-4e14-a488-c95b0404e7ca}</UniqueIdentifier>
    </Filter>
    <Filter Include="02.GameObjects\10.UI\GamePlay\Monster">
      <UniqueIdentifier>{7d9bc076-0073-40e9-844b-3b1846bdc11a}</UniqueIdentifier>
    </Filter>
    <Filter Include="02.GameObjects\07.Interaction\DoorLock">
      <UniqueIdentifier>{489d5cf0-8df1-479b-ba3c-c5111b7f211c}</UniqueIdentifier>
    </Filter>
    <Filter Include="02.GameObjects\07.Interaction\DoorLock\DoorLock_InterColl">
      <UniqueIdentifier>{7bdc9c81-f9a7-4595-b5f5-098b924ed534}</UniqueIdentifier>
    </Filter>
    <Filter Include="02.GameObjects\10.UI\GamePlay\Boss">
      <UniqueIdentifier>{96559126-985a-4bca-9b25-9af15ed21024}</UniqueIdentifier>
    </Filter>
    <Filter Include="02.GameObjects\10.UI\GamePlay\Boss\HPBar">
      <UniqueIdentifier>{eeb83367-14a9-4a2c-905e-52988e592bc7}</UniqueIdentifier>
    </Filter>
    <Filter Include="02.GameObjects\10.UI\GamePlay\Boss\Deco">
      <UniqueIdentifier>{c69127ce-7d36-4919-9fcb-2a189388f658}</UniqueIdentifier>
    </Filter>
    <Filter Include="02.GameObjects\10.UI\GamePlay\Boss\Glow">
      <UniqueIdentifier>{5cb5917d-43d1-4f15-a997-d72a3c6315f2}</UniqueIdentifier>
    </Filter>
    <Filter Include="02.GameObjects\07.Interaction\DoorLock\DoorLock_Effect">
      <UniqueIdentifier>{fb084090-375d-4f86-afa0-23bc5baba716}</UniqueIdentifier>
    </Filter>
  </ItemGroup>
  <ItemGroup>
    <ClInclude Include="Client.h">
      <Filter>98.Default</Filter>
    </ClInclude>
    <ClInclude Include="Resource.h">
      <Filter>98.Default</Filter>
    </ClInclude>
    <ClInclude Include="stdafx.h">
      <Filter>98.Default</Filter>
    </ClInclude>
    <ClInclude Include="targetver.h">
      <Filter>98.Default</Filter>
    </ClInclude>
    <ClInclude Include="..\Public\MainApp.h">
      <Filter>00.MainApp</Filter>
    </ClInclude>
    <ClInclude Include="..\Public\Client_Defines.h">
      <Filter>99.Defines</Filter>
    </ClInclude>
    <ClInclude Include="..\Public\Level_GamePlay.h">
      <Filter>01.Levels\GamePlay</Filter>
    </ClInclude>
    <ClInclude Include="..\Public\Level_Logo.h">
      <Filter>01.Levels\Logo</Filter>
    </ClInclude>
    <ClInclude Include="..\Public\Level_Loading.h">
      <Filter>01.Levels\Loading</Filter>
    </ClInclude>
    <ClInclude Include="..\public\Loader.h">
      <Filter>01.Levels\Loading\Loader</Filter>
    </ClInclude>
    <ClInclude Include="..\public\BackGround.h">
      <Filter>02.GameObjects\00.BackGround</Filter>
    </ClInclude>
    <ClInclude Include="..\Public\Terrain.h">
      <Filter>02.GameObjects\01.Terrain</Filter>
    </ClInclude>
    <ClInclude Include="..\Public\Labyrinth.h">
      <Filter>02.GameObjects\02.Labyrinth</Filter>
    </ClInclude>
    <ClInclude Include="..\public\Monster.h">
      <Filter>02.GameObjects\04.Monster</Filter>
    </ClInclude>
    <ClInclude Include="..\public\Player.h">
      <Filter>02.GameObjects\03.Player</Filter>
    </ClInclude>
    <ClInclude Include="..\Public\Client_Enum.h">
      <Filter>99.Defines</Filter>
    </ClInclude>
    <ClInclude Include="..\public\Player_State.h">
      <Filter>02.GameObjects\03.Player\Player_State</Filter>
    </ClInclude>
    <ClInclude Include="..\public\Player_Attack.h">
      <Filter>02.GameObjects\03.Player\Player_State\Player_Attack</Filter>
    </ClInclude>
    <ClInclude Include="..\public\Player_Move.h">
      <Filter>02.GameObjects\03.Player\Player_State\Player_Move</Filter>
    </ClInclude>
    <ClInclude Include="..\public\Player_Block.h">
      <Filter>02.GameObjects\03.Player\Player_State\Player_Block</Filter>
    </ClInclude>
    <ClInclude Include="..\public\Player_Jump.h">
      <Filter>02.GameObjects\03.Player\Player_State\Player_Jump</Filter>
    </ClInclude>
    <ClInclude Include="..\public\Player_Action.h">
      <Filter>02.GameObjects\03.Player\Player_State\Player_Action</Filter>
    </ClInclude>
    <ClInclude Include="..\public\Player_Impact.h">
      <Filter>02.GameObjects\03.Player\Player_State\Player_Impact</Filter>
    </ClInclude>
    <ClInclude Include="..\public\Player_Part.h">
      <Filter>02.GameObjects\03.Player\Player_Part</Filter>
    </ClInclude>
    <ClInclude Include="..\public\Player_Body.h">
      <Filter>02.GameObjects\03.Player\Player_Part\Player_Part_Body</Filter>
    </ClInclude>
    <ClInclude Include="..\public\Player_Weapon.h">
      <Filter>02.GameObjects\03.Player\Player_Part\Player_Part_Weapon</Filter>
    </ClInclude>
    <ClInclude Include="..\public\Boss_Lab.h">
      <Filter>02.GameObjects\04.Monster\Monster_Object\Boss_Lab</Filter>
    </ClInclude>
    <ClInclude Include="..\public\Boss_Lab_Body.h">
      <Filter>02.GameObjects\04.Monster\Monster_Object\Boss_Lab\Boss_Lab_Body</Filter>
    </ClInclude>
    <ClInclude Include="..\public\Player_Shield.h">
      <Filter>02.GameObjects\03.Player\Player_Part\Player_Part_Shield</Filter>
    </ClInclude>
    <ClInclude Include="..\public\PuzzleBase.h">
      <Filter>02.GameObjects\05.Puzzle</Filter>
    </ClInclude>
    <ClInclude Include="..\public\PuzzlePart.h">
      <Filter>02.GameObjects\05.Puzzle\PuzzlePart</Filter>
    </ClInclude>
    <ClInclude Include="..\public\FloorChunk.h">
      <Filter>02.GameObjects\02.Labyrinth\FloorChunk</Filter>
    </ClInclude>
    <ClInclude Include="..\public\Lab_Construct.h">
      <Filter>02.GameObjects\04.Monster\Monster_Object\Lab_Construct</Filter>
    </ClInclude>
    <ClInclude Include="..\public\Lab_Drum.h">
      <Filter>02.GameObjects\04.Monster\Monster_Object\Lab_Drum</Filter>
    </ClInclude>
    <ClInclude Include="..\public\Lab_Mage.h">
      <Filter>02.GameObjects\04.Monster\Monster_Object\Lab_Mage</Filter>
    </ClInclude>
    <ClInclude Include="..\public\Lab_Troll.h">
      <Filter>02.GameObjects\04.Monster\Monster_Object\Lab_Troll</Filter>
    </ClInclude>
    <ClInclude Include="..\public\Lab_Construct_Body.h">
      <Filter>02.GameObjects\04.Monster\Monster_Object\Lab_Construct\Lab_Construct_Body</Filter>
    </ClInclude>
    <ClInclude Include="..\public\Lab_Drum_Body.h">
      <Filter>02.GameObjects\04.Monster\Monster_Object\Lab_Drum\Lab_Drum_Body</Filter>
    </ClInclude>
    <ClInclude Include="..\public\Lab_Mage_Body.h">
      <Filter>02.GameObjects\04.Monster\Monster_Object\Lab_Mage\Lab_Mage_Body</Filter>
    </ClInclude>
    <ClInclude Include="..\public\Lab_Troll_Body.h">
      <Filter>02.GameObjects\04.Monster\Monster_Object\Lab_Troll\Lab_Troll_Body</Filter>
    </ClInclude>
    <ClInclude Include="..\public\Lab_Troll_Weapon.h">
      <Filter>02.GameObjects\04.Monster\Monster_Object\Lab_Troll\Lab_Troll_Weapon</Filter>
    </ClInclude>
    <ClInclude Include="..\public\Sky.h">
      <Filter>02.GameObjects\06.Sky</Filter>
    </ClInclude>
    <ClInclude Include="..\public\Boss_Lab_Attack.h">
      <Filter>02.GameObjects\04.Monster\Monster_Object\Boss_Lab\Boss_Lab_Attack</Filter>
    </ClInclude>
    <ClInclude Include="..\public\Lab_Construct_Attack.h">
      <Filter>02.GameObjects\04.Monster\Monster_Object\Lab_Construct\Lab_Construct_Attack</Filter>
    </ClInclude>
    <ClInclude Include="..\public\Lab_Drum_Attack.h">
      <Filter>02.GameObjects\04.Monster\Monster_Object\Lab_Drum\Lab_Drum_Attack</Filter>
    </ClInclude>
    <ClInclude Include="..\public\Lab_Mage_Attack.h">
      <Filter>02.GameObjects\04.Monster\Monster_Object\Lab_Mage\Lab_Mage_Attack</Filter>
    </ClInclude>
    <ClInclude Include="..\public\Pedestal.h">
      <Filter>02.GameObjects\07.Interaction\Pedestal</Filter>
    </ClInclude>
    <ClInclude Include="..\public\Teleport_Container.h">
      <Filter>02.GameObjects\07.Interaction\Teleport\Container</Filter>
    </ClInclude>
    <ClInclude Include="..\public\Teleport.h">
      <Filter>02.GameObjects\07.Interaction\Teleport</Filter>
    </ClInclude>
    <ClInclude Include="..\public\Particle_AttackLight.h">
      <Filter>02.GameObjects\08.Particle\Particle_AttackLight</Filter>
    </ClInclude>
    <ClInclude Include="..\public\Particle_Monster_Death.h">
      <Filter>02.GameObjects\04.Monster\Monster_Particle\Death</Filter>
    </ClInclude>
    <ClInclude Include="..\public\Particle_Spawn.h">
      <Filter>02.GameObjects\08.Particle\Particle_Spawn</Filter>
    </ClInclude>
    <ClInclude Include="..\public\Effect_Flash.h">
      <Filter>02.GameObjects\09.Effect\Effect_Flash</Filter>
    </ClInclude>
    <ClInclude Include="..\public\Particle_Snow.h">
      <Filter>02.GameObjects\08.Particle\Particle_Snow</Filter>
    </ClInclude>
    <ClInclude Include="..\public\Particle_Smoke.h">
      <Filter>02.GameObjects\08.Particle\Particle_Smoke</Filter>
    </ClInclude>
    <ClInclude Include="..\public\Effect_Spark.h">
      <Filter>02.GameObjects\09.Effect\Effect_Spark</Filter>
    </ClInclude>
    <ClInclude Include="..\public\Effect_BloodCore.h">
      <Filter>02.GameObjects\09.Effect\Effect_Blood\BloodCore</Filter>
    </ClInclude>
    <ClInclude Include="..\public\Effect_BloodSpray.h">
      <Filter>02.GameObjects\09.Effect\Effect_Blood\BloodSpray</Filter>
    </ClInclude>
    <ClInclude Include="..\public\Camera_Shorder.h">
      <Filter>02.GameObjects\99.Camera\Object\Camera_Shorder</Filter>
    </ClInclude>
    <ClInclude Include="..\public\Boss_Lab_Teleport_Smoke.h">
      <Filter>02.GameObjects\04.Monster\Monster_Object\Boss_Lab\Boss_Lab_Teleport_Smoke</Filter>
    </ClInclude>
    <ClInclude Include="..\public\Boss_Lab_Teleport_Stone.h">
      <Filter>02.GameObjects\04.Monster\Monster_Object\Boss_Lab\Boss_Lab_Teleport_Stone</Filter>
    </ClInclude>
    <ClInclude Include="..\public\Effect_Flare.h">
      <Filter>02.GameObjects\09.Effect\Effect_Flare</Filter>
    </ClInclude>
    <ClInclude Include="..\public\Particle_LaunchStone.h">
      <Filter>02.GameObjects\08.Particle\Particle_LaunchStone</Filter>
    </ClInclude>
    <ClInclude Include="..\public\Particle_LaunchWaterDrop.h">
      <Filter>02.GameObjects\08.Particle\Particle_LaunchWaterDrop</Filter>
    </ClInclude>
    <ClInclude Include="..\public\UI_GlowStar.h">
      <Filter>02.GameObjects\10.UI\Logo\GlowStar</Filter>
    </ClInclude>
    <ClInclude Include="..\public\UI_LogoTitle.h">
      <Filter>02.GameObjects\10.UI\Logo\LogoTitle</Filter>
    </ClInclude>
    <ClInclude Include="..\public\UI_LogoMaze.h">
      <Filter>02.GameObjects\10.UI\Logo\LogoMaze</Filter>
    </ClInclude>
    <ClInclude Include="..\public\UI_TextBox.h">
      <Filter>02.GameObjects\10.UI\Logo\TextBox</Filter>
    </ClInclude>
    <ClInclude Include="..\public\UI_LoadingMaze.h">
      <Filter>02.GameObjects\10.UI\Loading</Filter>
    </ClInclude>
    <ClInclude Include="..\Public\Camera_Container.h">
      <Filter>02.GameObjects\99.Camera\Container</Filter>
    </ClInclude>
    <ClInclude Include="..\public\Camera_Interaction.h">
      <Filter>02.GameObjects\99.Camera\Object\Camera_Interaction</Filter>
    </ClInclude>
    <ClInclude Include="..\public\Puzzle_InterColl.h">
      <Filter>02.GameObjects\05.Puzzle\PuzzleInter</Filter>
    </ClInclude>
    <ClInclude Include="..\public\WayPoint.h">
      <Filter>02.GameObjects\07.Interaction\WayPoint</Filter>
    </ClInclude>
    <ClInclude Include="..\public\WayPoint_InterColl.h">
      <Filter>02.GameObjects\07.Interaction\WayPoint\WayPoint_Interaction</Filter>
    </ClInclude>
    <ClInclude Include="..\public\Inventory.h">
      <Filter>02.GameObjects\11.Inventory</Filter>
    </ClInclude>
    <ClInclude Include="..\public\Item.h">
      <Filter>02.GameObjects\11.Inventory\Item</Filter>
    </ClInclude>
    <ClInclude Include="..\public\DragonHeart.h">
      <Filter>02.GameObjects\11.Inventory\Item\DragonHeart</Filter>
    </ClInclude>
    <ClInclude Include="..\public\Player_Item.h">
      <Filter>02.GameObjects\03.Player\Player_Part\Player_Part_Item</Filter>
    </ClInclude>
    <ClInclude Include="..\public\RuneKey.h">
      <Filter>02.GameObjects\11.Inventory\Item\RuneKey</Filter>
    </ClInclude>
    <ClInclude Include="..\Public\Puzzle_Item.h">
      <Filter>02.GameObjects\11.Inventory\Item\Puzzle_Item</Filter>
    </ClInclude>
    <ClInclude Include="..\public\Pedestal_InterColl.h">
      <Filter>02.GameObjects\07.Interaction\Pedestal\Pedestal_InterColl</Filter>
    </ClInclude>
    <ClInclude Include="..\public\Pedestal_Item.h">
      <Filter>02.GameObjects\07.Interaction\Pedestal\Pedestal_Item</Filter>
    </ClInclude>
    <ClInclude Include="..\public\UI_PlayerBase.h">
      <Filter>02.GameObjects\10.UI\GamePlay\Player</Filter>
    </ClInclude>
    <ClInclude Include="..\public\UI_DragonHeart.h">
      <Filter>02.GameObjects\10.UI\GamePlay\Player\DragonHeart</Filter>
    </ClInclude>
    <ClInclude Include="..\Public\UI_DragonStone.h">
      <Filter>02.GameObjects\10.UI\GamePlay\Player\DragonStone</Filter>
    </ClInclude>
    <ClInclude Include="..\Public\UI_GageBar.h">
      <Filter>02.GameObjects\10.UI\GamePlay\Player\GageBar</Filter>
    </ClInclude>
    <ClInclude Include="UI_MonsterHPBar.h">
      <Filter>02.GameObjects\10.UI\GamePlay\Monster</Filter>
    </ClInclude>
    <ClInclude Include="..\Public\DoorLock.h">
      <Filter>02.GameObjects\07.Interaction\DoorLock</Filter>
    </ClInclude>
    <ClInclude Include="..\Public\DoorLock_InterColl.h">
      <Filter>02.GameObjects\07.Interaction\DoorLock\DoorLock_InterColl</Filter>
    </ClInclude>
    <ClInclude Include="..\public\UI_BossHPBar.h">
      <Filter>02.GameObjects\10.UI\GamePlay\Boss\HPBar</Filter>
    </ClInclude>
    <ClInclude Include="..\public\UI_BossHPBarDeco.h">
      <Filter>02.GameObjects\10.UI\GamePlay\Boss\Deco</Filter>
    </ClInclude>
    <ClInclude Include="..\public\UI_BossHPBarGlow.h">
      <Filter>02.GameObjects\10.UI\GamePlay\Boss\Glow</Filter>
    </ClInclude>
    <ClInclude Include="..\public\DoorLock_Effect.h">
      <Filter>02.GameObjects\07.Interaction\DoorLock\DoorLock_Effect</Filter>
    </ClInclude>
  </ItemGroup>
  <ItemGroup>
    <ClCompile Include="Client.cpp">
      <Filter>98.Default</Filter>
    </ClCompile>
    <ClCompile Include="stdafx.cpp">
      <Filter>98.Default</Filter>
    </ClCompile>
    <ClCompile Include="..\Private\MainApp.cpp">
      <Filter>00.MainApp</Filter>
    </ClCompile>
    <ClCompile Include="..\Private\Level_GamePlay.cpp">
      <Filter>01.Levels\GamePlay</Filter>
    </ClCompile>
    <ClCompile Include="..\Private\Level_Logo.cpp">
      <Filter>01.Levels\Logo</Filter>
    </ClCompile>
    <ClCompile Include="..\Private\Level_Loading.cpp">
      <Filter>01.Levels\Loading</Filter>
    </ClCompile>
    <ClCompile Include="..\private\Loader.cpp">
      <Filter>01.Levels\Loading\Loader</Filter>
    </ClCompile>
    <ClCompile Include="..\private\BackGround.cpp">
      <Filter>02.GameObjects\00.BackGround</Filter>
    </ClCompile>
    <ClCompile Include="..\Private\Terrain.cpp">
      <Filter>02.GameObjects\01.Terrain</Filter>
    </ClCompile>
    <ClCompile Include="..\Private\Labyrinth.cpp">
      <Filter>02.GameObjects\02.Labyrinth</Filter>
    </ClCompile>
    <ClCompile Include="..\private\Monster.cpp">
      <Filter>02.GameObjects\04.Monster</Filter>
    </ClCompile>
    <ClCompile Include="..\private\Player.cpp">
      <Filter>02.GameObjects\03.Player</Filter>
    </ClCompile>
    <ClCompile Include="..\private\Player_State.cpp">
      <Filter>02.GameObjects\03.Player\Player_State</Filter>
    </ClCompile>
    <ClCompile Include="..\private\Player_Attack.cpp">
      <Filter>02.GameObjects\03.Player\Player_State\Player_Attack</Filter>
    </ClCompile>
    <ClCompile Include="..\private\Player_Move.cpp">
      <Filter>02.GameObjects\03.Player\Player_State\Player_Move</Filter>
    </ClCompile>
    <ClCompile Include="..\private\Player_Block.cpp">
      <Filter>02.GameObjects\03.Player\Player_State\Player_Block</Filter>
    </ClCompile>
    <ClCompile Include="..\private\Player_Jump.cpp">
      <Filter>02.GameObjects\03.Player\Player_State\Player_Jump</Filter>
    </ClCompile>
    <ClCompile Include="..\private\Player_Action.cpp">
      <Filter>02.GameObjects\03.Player\Player_State\Player_Action</Filter>
    </ClCompile>
    <ClCompile Include="..\private\Player_Impact.cpp">
      <Filter>02.GameObjects\03.Player\Player_State\Player_Impact</Filter>
    </ClCompile>
    <ClCompile Include="..\private\Player_Part.cpp">
      <Filter>02.GameObjects\03.Player\Player_Part</Filter>
    </ClCompile>
    <ClCompile Include="..\private\Player_Body.cpp">
      <Filter>02.GameObjects\03.Player\Player_Part\Player_Part_Body</Filter>
    </ClCompile>
    <ClCompile Include="..\private\Player_Weapon.cpp">
      <Filter>02.GameObjects\03.Player\Player_Part\Player_Part_Weapon</Filter>
    </ClCompile>
    <ClCompile Include="..\private\Boss_Lab_Body.cpp">
      <Filter>02.GameObjects\04.Monster\Monster_Object\Boss_Lab\Boss_Lab_Body</Filter>
    </ClCompile>
    <ClCompile Include="..\private\Boss_Lab.cpp">
      <Filter>02.GameObjects\04.Monster\Monster_Object\Boss_Lab</Filter>
    </ClCompile>
    <ClCompile Include="..\private\Player_Shield.cpp">
      <Filter>02.GameObjects\03.Player\Player_Part\Player_Part_Shield</Filter>
    </ClCompile>
    <ClCompile Include="..\private\PuzzleBase.cpp">
      <Filter>02.GameObjects\05.Puzzle</Filter>
    </ClCompile>
    <ClCompile Include="..\private\PuzzlePart.cpp">
      <Filter>02.GameObjects\05.Puzzle\PuzzlePart</Filter>
    </ClCompile>
    <ClCompile Include="..\private\FloorChunk.cpp">
      <Filter>02.GameObjects\02.Labyrinth\FloorChunk</Filter>
    </ClCompile>
    <ClCompile Include="..\private\Lab_Construct.cpp">
      <Filter>02.GameObjects\04.Monster\Monster_Object\Lab_Construct</Filter>
    </ClCompile>
    <ClCompile Include="..\private\Lab_Drum.cpp">
      <Filter>02.GameObjects\04.Monster\Monster_Object\Lab_Drum</Filter>
    </ClCompile>
    <ClCompile Include="..\private\Lab_Mage.cpp">
      <Filter>02.GameObjects\04.Monster\Monster_Object\Lab_Mage</Filter>
    </ClCompile>
    <ClCompile Include="..\private\Lab_Troll.cpp">
      <Filter>02.GameObjects\04.Monster\Monster_Object\Lab_Troll</Filter>
    </ClCompile>
    <ClCompile Include="..\private\Lab_Construct_Body.cpp">
      <Filter>02.GameObjects\04.Monster\Monster_Object\Lab_Construct\Lab_Construct_Body</Filter>
    </ClCompile>
    <ClCompile Include="..\private\Lab_Drum_Body.cpp">
      <Filter>02.GameObjects\04.Monster\Monster_Object\Lab_Drum\Lab_Drum_Body</Filter>
    </ClCompile>
    <ClCompile Include="..\private\Lab_Mage_Body.cpp">
      <Filter>02.GameObjects\04.Monster\Monster_Object\Lab_Mage\Lab_Mage_Body</Filter>
    </ClCompile>
    <ClCompile Include="..\private\Lab_Troll_Body.cpp">
      <Filter>02.GameObjects\04.Monster\Monster_Object\Lab_Troll\Lab_Troll_Body</Filter>
    </ClCompile>
    <ClCompile Include="..\private\Lab_Troll_Weapon.cpp">
      <Filter>02.GameObjects\04.Monster\Monster_Object\Lab_Troll\Lab_Troll_Weapon</Filter>
    </ClCompile>
    <ClCompile Include="..\private\Sky.cpp">
      <Filter>02.GameObjects\06.Sky</Filter>
    </ClCompile>
    <ClCompile Include="..\private\Boss_Lab_Attack.cpp">
      <Filter>02.GameObjects\04.Monster\Monster_Object\Boss_Lab\Boss_Lab_Attack</Filter>
    </ClCompile>
    <ClCompile Include="..\private\Lab_Construct_Attack.cpp">
      <Filter>02.GameObjects\04.Monster\Monster_Object\Lab_Construct\Lab_Construct_Attack</Filter>
    </ClCompile>
    <ClCompile Include="..\private\Lab_Drum_Attack.cpp">
      <Filter>02.GameObjects\04.Monster\Monster_Object\Lab_Drum\Lab_Drum_Attack</Filter>
    </ClCompile>
    <ClCompile Include="..\private\Lab_Mage_Attack.cpp">
      <Filter>02.GameObjects\04.Monster\Monster_Object\Lab_Mage\Lab_Mage_Attack</Filter>
    </ClCompile>
    <ClCompile Include="..\private\Pedestal.cpp">
      <Filter>02.GameObjects\07.Interaction\Pedestal</Filter>
    </ClCompile>
    <ClCompile Include="..\private\Teleport_Container.cpp">
      <Filter>02.GameObjects\07.Interaction\Teleport\Container</Filter>
    </ClCompile>
    <ClCompile Include="..\private\Teleport.cpp">
      <Filter>02.GameObjects\07.Interaction\Teleport</Filter>
    </ClCompile>
    <ClCompile Include="..\private\Particle_AttackLight.cpp">
      <Filter>02.GameObjects\08.Particle\Particle_AttackLight</Filter>
    </ClCompile>
    <ClCompile Include="..\private\Particle_Monster_Death.cpp">
      <Filter>02.GameObjects\04.Monster\Monster_Particle\Death</Filter>
    </ClCompile>
    <ClCompile Include="..\private\Particle_Spawn.cpp">
      <Filter>02.GameObjects\08.Particle\Particle_Spawn</Filter>
    </ClCompile>
    <ClCompile Include="..\private\Effect_Flash.cpp">
      <Filter>02.GameObjects\09.Effect\Effect_Flash</Filter>
    </ClCompile>
    <ClCompile Include="..\private\Particle_Snow.cpp">
      <Filter>02.GameObjects\08.Particle\Particle_Snow</Filter>
    </ClCompile>
    <ClCompile Include="..\private\Particle_Smoke.cpp">
      <Filter>02.GameObjects\08.Particle\Particle_Smoke</Filter>
    </ClCompile>
    <ClCompile Include="..\private\Effect_Spark.cpp">
      <Filter>02.GameObjects\09.Effect\Effect_Spark</Filter>
    </ClCompile>
    <ClCompile Include="..\private\Effect_BloodCore.cpp">
      <Filter>02.GameObjects\09.Effect\Effect_Blood\BloodCore</Filter>
    </ClCompile>
    <ClCompile Include="..\private\Effect_BloodSpray.cpp">
      <Filter>02.GameObjects\09.Effect\Effect_Blood\BloodSpray</Filter>
    </ClCompile>
    <ClCompile Include="..\private\Camera_Shorder.cpp">
      <Filter>02.GameObjects\99.Camera\Object\Camera_Shorder</Filter>
    </ClCompile>
    <ClCompile Include="..\private\Boss_Lab_Teleport_Smoke.cpp">
      <Filter>02.GameObjects\04.Monster\Monster_Object\Boss_Lab\Boss_Lab_Teleport_Smoke</Filter>
    </ClCompile>
    <ClCompile Include="..\private\Boss_Lab_Teleport_Stone.cpp">
      <Filter>02.GameObjects\04.Monster\Monster_Object\Boss_Lab\Boss_Lab_Teleport_Stone</Filter>
    </ClCompile>
    <ClCompile Include="..\private\Effect_Flare.cpp">
      <Filter>02.GameObjects\09.Effect\Effect_Flare</Filter>
    </ClCompile>
    <ClCompile Include="..\private\Particle_LaunchStone.cpp">
      <Filter>02.GameObjects\08.Particle\Particle_LaunchStone</Filter>
    </ClCompile>
    <ClCompile Include="..\private\Particle_LaunchWaterDrop.cpp">
      <Filter>02.GameObjects\08.Particle\Particle_LaunchWaterDrop</Filter>
    </ClCompile>
    <ClCompile Include="..\private\UI_GlowStar.cpp">
      <Filter>02.GameObjects\10.UI\Logo\GlowStar</Filter>
    </ClCompile>
    <ClCompile Include="..\private\UI_LogoTitle.cpp">
      <Filter>02.GameObjects\10.UI\Logo\LogoTitle</Filter>
    </ClCompile>
    <ClCompile Include="..\private\UI_LogoMaze.cpp">
      <Filter>02.GameObjects\10.UI\Logo\LogoMaze</Filter>
    </ClCompile>
    <ClCompile Include="..\private\UI_TextBox.cpp">
      <Filter>02.GameObjects\10.UI\Logo\TextBox</Filter>
    </ClCompile>
    <ClCompile Include="..\private\UI_LoadingMaze.cpp">
      <Filter>02.GameObjects\10.UI\Loading</Filter>
    </ClCompile>
    <ClCompile Include="..\Private\Camera_Container.cpp">
      <Filter>02.GameObjects\99.Camera\Container</Filter>
    </ClCompile>
    <ClCompile Include="..\private\Camera_Interaction.cpp">
      <Filter>02.GameObjects\99.Camera\Object\Camera_Interaction</Filter>
    </ClCompile>
    <ClCompile Include="..\private\Puzzle_InterColl.cpp">
      <Filter>02.GameObjects\05.Puzzle\PuzzleInter</Filter>
    </ClCompile>
    <ClCompile Include="..\private\WayPoint.cpp">
      <Filter>02.GameObjects\07.Interaction\WayPoint</Filter>
    </ClCompile>
    <ClCompile Include="..\private\WayPoint_InterColl.cpp">
      <Filter>02.GameObjects\07.Interaction\WayPoint\WayPoint_Interaction</Filter>
    </ClCompile>
    <ClCompile Include="..\private\Inventory.cpp">
      <Filter>02.GameObjects\11.Inventory</Filter>
    </ClCompile>
    <ClCompile Include="..\private\Item.cpp">
      <Filter>02.GameObjects\11.Inventory\Item</Filter>
    </ClCompile>
    <ClCompile Include="..\private\DragonHeart.cpp">
      <Filter>02.GameObjects\11.Inventory\Item\DragonHeart</Filter>
    </ClCompile>
    <ClCompile Include="..\private\Player_Item.cpp">
      <Filter>02.GameObjects\03.Player\Player_Part\Player_Part_Item</Filter>
    </ClCompile>
    <ClCompile Include="..\private\RuneKey.cpp">
      <Filter>02.GameObjects\11.Inventory\Item\RuneKey</Filter>
    </ClCompile>
    <ClCompile Include="..\Private\Puzzle_Item.cpp">
      <Filter>02.GameObjects\11.Inventory\Item\Puzzle_Item</Filter>
    </ClCompile>
    <ClCompile Include="..\private\Pedestal_InterColl.cpp">
      <Filter>02.GameObjects\07.Interaction\Pedestal\Pedestal_InterColl</Filter>
    </ClCompile>
    <ClCompile Include="..\private\Pedestal_Item.cpp">
      <Filter>02.GameObjects\07.Interaction\Pedestal\Pedestal_Item</Filter>
    </ClCompile>
    <ClCompile Include="..\private\UI_PlayerBase.cpp">
      <Filter>02.GameObjects\10.UI\GamePlay\Player</Filter>
    </ClCompile>
    <ClCompile Include="..\private\UI_DragonHeart.cpp">
      <Filter>02.GameObjects\10.UI\GamePlay\Player\DragonHeart</Filter>
    </ClCompile>
    <ClCompile Include="..\Private\UI_DragonStone.cpp">
      <Filter>02.GameObjects\10.UI\GamePlay\Player\DragonStone</Filter>
    </ClCompile>
    <ClCompile Include="..\Private\UI_GageBar.cpp">
      <Filter>02.GameObjects\10.UI\GamePlay\Player\GageBar</Filter>
    </ClCompile>
    <ClCompile Include="UI_MonsterHPBar.cpp">
      <Filter>02.GameObjects\10.UI\GamePlay\Monster</Filter>
    </ClCompile>
    <ClCompile Include="..\Private\DoorLock.cpp">
      <Filter>02.GameObjects\07.Interaction\DoorLock</Filter>
    </ClCompile>
    <ClCompile Include="..\Private\DoorLock_InterColl.cpp">
      <Filter>02.GameObjects\07.Interaction\DoorLock\DoorLock_InterColl</Filter>
    </ClCompile>
    <ClCompile Include="..\private\UI_BossHPBar.cpp">
      <Filter>02.GameObjects\10.UI\GamePlay\Boss\HPBar</Filter>
    </ClCompile>
    <ClCompile Include="..\private\UI_BossHPBarDeco.cpp">
      <Filter>02.GameObjects\10.UI\GamePlay\Boss\Deco</Filter>
    </ClCompile>
    <ClCompile Include="..\private\UI_BossHPBarGlow.cpp">
      <Filter>02.GameObjects\10.UI\GamePlay\Boss\Glow</Filter>
    </ClCompile>
    <ClCompile Include="..\private\DoorLock_Effect.cpp">
      <Filter>02.GameObjects\07.Interaction\DoorLock\DoorLock_Effect</Filter>
    </ClCompile>
  </ItemGroup>
  <ItemGroup>
    <Image Include="Client.ico">
      <Filter>98.Default</Filter>
    </Image>
    <Image Include="small.ico">
      <Filter>98.Default</Filter>
    </Image>
  </ItemGroup>
  <ItemGroup>
    <ResourceCompile Include="Client.rc">
      <Filter>98.Default</Filter>
    </ResourceCompile>
  </ItemGroup>
  <ItemGroup>
    <Text Include="ReadMe.txt">
      <Filter>98.Default</Filter>
    </Text>
  </ItemGroup>
  <ItemGroup>
    <FxCompile Include="..\Bin\ShaderFiles\Shader_VtxPosTex.hlsl">
      <Filter>97.ShaderFiles</Filter>
    </FxCompile>
    <FxCompile Include="..\Bin\ShaderFiles\Shader_VtxNorTex.hlsl">
      <Filter>97.ShaderFiles</Filter>
    </FxCompile>
    <FxCompile Include="..\Bin\ShaderFiles\Shader_VtxModel.hlsl">
      <Filter>97.ShaderFiles</Filter>
    </FxCompile>
    <FxCompile Include="..\Bin\ShaderFiles\Shader_VtxAnimModel.hlsl">
      <Filter>97.ShaderFiles</Filter>
    </FxCompile>
    <FxCompile Include="..\Bin\ShaderFiles\Shader_VtxCubeTex.hlsl">
      <Filter>97.ShaderFiles</Filter>
    </FxCompile>
    <FxCompile Include="..\Bin\ShaderFiles\Shader_VtxRectInstance.hlsl">
      <Filter>97.ShaderFiles</Filter>
    </FxCompile>
    <FxCompile Include="..\Bin\ShaderFiles\Shader_VtxPointInstance.hlsl">
      <Filter>97.ShaderFiles</Filter>
    </FxCompile>
  </ItemGroup>
</Project>