<?xml version="1.0" encoding="utf-8"?>
<Project ToolsVersion="4.0" xmlns="http://schemas.microsoft.com/developer/msbuild/2003">
  <ItemGroup>
    <Filter Include="99.Defines">
      <UniqueIdentifier>{fb79177f-6af2-42b8-a50b-bbc3b63e3f72}</UniqueIdentifier>
    </Filter>
    <Filter Include="00.MainApp">
      <UniqueIdentifier>{36ddfabb-8bb7-40c9-a17f-c7b97483a7fd}</UniqueIdentifier>
    </Filter>
    <Filter Include="01.Levels">
      <UniqueIdentifier>{f44a7a5e-dc7a-460e-9e7e-389f947c35ff}</UniqueIdentifier>
    </Filter>
    <Filter Include="01.Levels\Logo">
      <UniqueIdentifier>{bfceb82a-607f-4756-925e-dbf78b769e31}</UniqueIdentifier>
    </Filter>
    <Filter Include="01.Levels\GamePlay">
      <UniqueIdentifier>{496bfdc0-36c4-4ae4-a032-6e701acb2b32}</UniqueIdentifier>
    </Filter>
    <Filter Include="01.Levels\Loading">
      <UniqueIdentifier>{5826f108-d734-4b34-a4f6-11a528a309a5}</UniqueIdentifier>
    </Filter>
    <Filter Include="01.Levels\Loading\Loader">
      <UniqueIdentifier>{91d96f38-b5f2-4ed1-a4ee-a6224c0c3cf0}</UniqueIdentifier>
    </Filter>
    <Filter Include="02.GameObjects">
      <UniqueIdentifier>{bd09e51d-766a-4343-ad6c-b0e50d2d43cd}</UniqueIdentifier>
    </Filter>
    <Filter Include="02.GameObjects\00.BackGround">
      <UniqueIdentifier>{21287f1c-586b-4a97-90d2-9e630f240bae}</UniqueIdentifier>
    </Filter>
    <Filter Include="98.Default">
      <UniqueIdentifier>{4d9edaa0-3df0-42f3-8df9-280f1ae7af4a}</UniqueIdentifier>
    </Filter>
    <Filter Include="97.ShaderFiles">
      <UniqueIdentifier>{16251933-5a3e-4bdb-8f5e-4d9b7af0d35d}</UniqueIdentifier>
    </Filter>
    <Filter Include="02.GameObjects\01.Terrain">
      <UniqueIdentifier>{e3eb8a4e-7019-4deb-af0f-806abe1a5053}</UniqueIdentifier>
    </Filter>
    <Filter Include="02.GameObjects\99.Camera">
      <UniqueIdentifier>{aae6caeb-858d-4707-9718-e4b878cdd9de}</UniqueIdentifier>
    </Filter>
    <Filter Include="02.GameObjects\02.Labyrinth">
      <UniqueIdentifier>{0083e25f-5f57-4f81-8604-c0d79a304e39}</UniqueIdentifier>
    </Filter>
    <Filter Include="02.GameObjects\03.Player">
      <UniqueIdentifier>{2d8b8844-068e-4f05-87b9-423e449a3382}</UniqueIdentifier>
    </Filter>
    <Filter Include="02.GameObjects\04.Monster">
      <UniqueIdentifier>{936de04e-9d12-4455-945f-796fe6d8d862}</UniqueIdentifier>
    </Filter>
    <Filter Include="02.GameObjects\03.Player\Player_State">
      <UniqueIdentifier>{6e5f7819-5ed8-47bc-9c8c-1b8f5b6caa10}</UniqueIdentifier>
    </Filter>
    <Filter Include="02.GameObjects\03.Player\Player_State\Player_Attack">
      <UniqueIdentifier>{6336888e-a3ca-4858-b204-33214ff894fa}</UniqueIdentifier>
    </Filter>
    <Filter Include="02.GameObjects\03.Player\Player_State\Player_Move">
      <UniqueIdentifier>{144458ad-8706-4f9f-8914-c1dc8edcb0ed}</UniqueIdentifier>
    </Filter>
    <Filter Include="02.GameObjects\03.Player\Player_State\Player_Block">
      <UniqueIdentifier>{c9bdc206-78c2-4f39-a558-aecbc47be9b9}</UniqueIdentifier>
    </Filter>
    <Filter Include="02.GameObjects\03.Player\Player_State\Player_Jump">
      <UniqueIdentifier>{d5e509d9-f22d-42c1-a755-6e7d5001e55e}</UniqueIdentifier>
    </Filter>
    <Filter Include="02.GameObjects\03.Player\Player_State\Player_Impact">
      <UniqueIdentifier>{e72ecd44-5525-4600-ad12-52981c648867}</UniqueIdentifier>
    </Filter>
    <Filter Include="02.GameObjects\03.Player\Player_State\Player_Action">
      <UniqueIdentifier>{6b9a920e-5470-4485-ac5d-40bf8d161507}</UniqueIdentifier>
    </Filter>
    <Filter Include="02.GameObjects\03.Player\Player_Part">
      <UniqueIdentifier>{1f44ca9e-1b00-4be7-8445-849a60946189}</UniqueIdentifier>
    </Filter>
    <Filter Include="02.GameObjects\03.Player\Player_Part\Player_Part_Body">
      <UniqueIdentifier>{8d9eb51e-fb93-4cc6-92c0-188aab3b4c15}</UniqueIdentifier>
    </Filter>
    <Filter Include="02.GameObjects\03.Player\Player_Part\Player_Part_Weapon">
      <UniqueIdentifier>{05f84767-01c5-4c54-9d9a-014d9765064a}</UniqueIdentifier>
    </Filter>
    <Filter Include="02.GameObjects\03.Player\Player_Part\Player_Part_Item">
      <UniqueIdentifier>{0b1cd144-885f-4e47-8f83-4f5e0fa33a6e}</UniqueIdentifier>
    </Filter>
    <Filter Include="02.GameObjects\03.Player\Player_Part\Player_Part_Shield">
      <UniqueIdentifier>{0f693bd8-432d-4a04-87a2-70c2f74e8946}</UniqueIdentifier>
    </Filter>
    <Filter Include="02.GameObjects\03.Player\Player_Part\Player_Part_Effect">
      <UniqueIdentifier>{5aadc0e1-a328-4a82-9dcf-179a3890e613}</UniqueIdentifier>
    </Filter>
    <Filter Include="02.GameObjects\04.Monster\Boss_Lab">
      <UniqueIdentifier>{79ea67db-7d88-4879-8231-df375e3b9e97}</UniqueIdentifier>
    </Filter>
    <Filter Include="02.GameObjects\04.Monster\Boss_Lab\Boss_Lab_Body">
      <UniqueIdentifier>{dbec92f0-62cf-48e3-a0dc-01eb2270cf75}</UniqueIdentifier>
    </Filter>
    <Filter Include="02.GameObjects\05.Puzzle">
      <UniqueIdentifier>{a9bd7027-5ab4-4348-82ec-f08fcb5e482a}</UniqueIdentifier>
    </Filter>
    <Filter Include="02.GameObjects\05.Puzzle\PuzzlePart">
      <UniqueIdentifier>{6e0c7cde-7dbc-4560-85f0-7cedd0d13ded}</UniqueIdentifier>
    </Filter>
    <Filter Include="02.GameObjects\02.Labyrinth\FloorChunk">
      <UniqueIdentifier>{755c1557-d2d6-4942-af9f-7cce6555740f}</UniqueIdentifier>
    </Filter>
    <Filter Include="02.GameObjects\04.Monster\Lab_Construct">
      <UniqueIdentifier>{560fb125-622a-4575-8b77-8de2ec8d886a}</UniqueIdentifier>
    </Filter>
    <Filter Include="02.GameObjects\04.Monster\Lab_Drum">
      <UniqueIdentifier>{e523ed0c-9557-4b02-b7e0-50a4b42aadba}</UniqueIdentifier>
    </Filter>
    <Filter Include="02.GameObjects\04.Monster\Lab_Mage">
      <UniqueIdentifier>{72af6c91-f3ac-479a-bbc4-caa6689784f2}</UniqueIdentifier>
    </Filter>
    <Filter Include="02.GameObjects\04.Monster\Lab_Troll">
      <UniqueIdentifier>{e57570c8-36be-49ba-8576-953848fdc6f4}</UniqueIdentifier>
    </Filter>
    <Filter Include="02.GameObjects\04.Monster\Lab_Construct\Lab_Construct_Body">
      <UniqueIdentifier>{1fbc8779-f8a7-49bc-8d83-d5dfa3b27bdf}</UniqueIdentifier>
    </Filter>
    <Filter Include="02.GameObjects\04.Monster\Lab_Drum\Lab_Drum_Body">
      <UniqueIdentifier>{6270e158-9acf-49b0-af6f-1f65a3974c71}</UniqueIdentifier>
    </Filter>
    <Filter Include="02.GameObjects\04.Monster\Lab_Mage\Lab_Mage_Body">
      <UniqueIdentifier>{5e92da70-e0dc-4400-9491-aa5cb3f23ec8}</UniqueIdentifier>
    </Filter>
    <Filter Include="02.GameObjects\04.Monster\Lab_Troll\Lab_Troll_Body">
      <UniqueIdentifier>{c1957120-d1e8-4162-aed2-acb20002d5df}</UniqueIdentifier>
    </Filter>
    <Filter Include="02.GameObjects\04.Monster\Lab_Troll\Lab_Troll_Weapon">
      <UniqueIdentifier>{017917e8-a857-4206-bd60-8a9e4e268c19}</UniqueIdentifier>
    </Filter>
    <Filter Include="02.GameObjects\06.Sky">
      <UniqueIdentifier>{9c0ded80-055c-43e7-aac3-97390082fb9b}</UniqueIdentifier>
    </Filter>
    <Filter Include="02.GameObjects\04.Monster\Boss_Lab\Boss_Lab_Attack">
      <UniqueIdentifier>{309f0f10-35c2-447f-9dc3-7e0da8d88c71}</UniqueIdentifier>
    </Filter>
    <Filter Include="02.GameObjects\04.Monster\Lab_Construct\Lab_Construct_Attack">
      <UniqueIdentifier>{e55f07bc-689e-47eb-8f29-6e0266296d8c}</UniqueIdentifier>
    </Filter>
    <Filter Include="02.GameObjects\04.Monster\Lab_Drum\Lab_Drum_Attack">
      <UniqueIdentifier>{019a6de6-015f-4a1a-9ea1-aeb3c2385544}</UniqueIdentifier>
    </Filter>
    <Filter Include="02.GameObjects\04.Monster\Lab_Mage\Lab_Mage_Attack">
      <UniqueIdentifier>{0a78ef59-cd1a-4521-88f1-03fb614fe171}</UniqueIdentifier>
    </Filter>
  </ItemGroup>
  <ItemGroup>
    <ClInclude Include="Client.h">
      <Filter>98.Default</Filter>
    </ClInclude>
    <ClInclude Include="Resource.h">
      <Filter>98.Default</Filter>
    </ClInclude>
    <ClInclude Include="stdafx.h">
      <Filter>98.Default</Filter>
    </ClInclude>
    <ClInclude Include="targetver.h">
      <Filter>98.Default</Filter>
    </ClInclude>
    <ClInclude Include="..\Public\MainApp.h">
      <Filter>00.MainApp</Filter>
    </ClInclude>
    <ClInclude Include="..\Public\Client_Defines.h">
      <Filter>99.Defines</Filter>
    </ClInclude>
    <ClInclude Include="..\Public\Level_GamePlay.h">
      <Filter>01.Levels\GamePlay</Filter>
    </ClInclude>
    <ClInclude Include="..\Public\Level_Logo.h">
      <Filter>01.Levels\Logo</Filter>
    </ClInclude>
    <ClInclude Include="..\Public\Level_Loading.h">
      <Filter>01.Levels\Loading</Filter>
    </ClInclude>
    <ClInclude Include="..\public\Loader.h">
      <Filter>01.Levels\Loading\Loader</Filter>
    </ClInclude>
    <ClInclude Include="..\public\BackGround.h">
      <Filter>02.GameObjects\00.BackGround</Filter>
    </ClInclude>
    <ClInclude Include="..\Public\Terrain.h">
      <Filter>02.GameObjects\01.Terrain</Filter>
    </ClInclude>
    <ClInclude Include="..\public\FreeCamera.h">
      <Filter>02.GameObjects\99.Camera</Filter>
    </ClInclude>
    <ClInclude Include="..\Public\Labyrinth.h">
      <Filter>02.GameObjects\02.Labyrinth</Filter>
    </ClInclude>
    <ClInclude Include="..\public\Monster.h">
      <Filter>02.GameObjects\04.Monster</Filter>
    </ClInclude>
    <ClInclude Include="..\public\Player.h">
      <Filter>02.GameObjects\03.Player</Filter>
    </ClInclude>
    <ClInclude Include="..\Public\Client_Enum.h">
      <Filter>99.Defines</Filter>
    </ClInclude>
    <ClInclude Include="..\public\Player_State.h">
      <Filter>02.GameObjects\03.Player\Player_State</Filter>
    </ClInclude>
    <ClInclude Include="..\public\Player_Attack.h">
      <Filter>02.GameObjects\03.Player\Player_State\Player_Attack</Filter>
    </ClInclude>
    <ClInclude Include="..\public\Player_Move.h">
      <Filter>02.GameObjects\03.Player\Player_State\Player_Move</Filter>
    </ClInclude>
    <ClInclude Include="..\public\Player_Block.h">
      <Filter>02.GameObjects\03.Player\Player_State\Player_Block</Filter>
    </ClInclude>
    <ClInclude Include="..\public\Player_Jump.h">
      <Filter>02.GameObjects\03.Player\Player_State\Player_Jump</Filter>
    </ClInclude>
    <ClInclude Include="..\public\Player_Action.h">
      <Filter>02.GameObjects\03.Player\Player_State\Player_Action</Filter>
    </ClInclude>
    <ClInclude Include="..\public\Player_Impact.h">
      <Filter>02.GameObjects\03.Player\Player_State\Player_Impact</Filter>
    </ClInclude>
    <ClInclude Include="..\public\Player_Part.h">
      <Filter>02.GameObjects\03.Player\Player_Part</Filter>
    </ClInclude>
    <ClInclude Include="..\public\Player_Body.h">
      <Filter>02.GameObjects\03.Player\Player_Part\Player_Part_Body</Filter>
    </ClInclude>
    <ClInclude Include="..\public\Player_Weapon.h">
      <Filter>02.GameObjects\03.Player\Player_Part\Player_Part_Weapon</Filter>
    </ClInclude>
    <ClInclude Include="..\public\Boss_Lab.h">
      <Filter>02.GameObjects\04.Monster\Boss_Lab</Filter>
    </ClInclude>
    <ClInclude Include="..\public\Boss_Lab_Body.h">
      <Filter>02.GameObjects\04.Monster\Boss_Lab\Boss_Lab_Body</Filter>
    </ClInclude>
    <ClInclude Include="..\public\Player_Shield.h">
      <Filter>02.GameObjects\03.Player\Player_Part\Player_Part_Shield</Filter>
    </ClInclude>
    <ClInclude Include="..\public\PuzzleBase.h">
      <Filter>02.GameObjects\05.Puzzle</Filter>
    </ClInclude>
    <ClInclude Include="..\public\PuzzlePart.h">
      <Filter>02.GameObjects\05.Puzzle\PuzzlePart</Filter>
    </ClInclude>
    <ClInclude Include="..\public\FloorChunk.h">
      <Filter>02.GameObjects\02.Labyrinth\FloorChunk</Filter>
    </ClInclude>
    <ClInclude Include="..\public\Lab_Construct.h">
      <Filter>02.GameObjects\04.Monster\Lab_Construct</Filter>
    </ClInclude>
    <ClInclude Include="..\public\Lab_Drum.h">
      <Filter>02.GameObjects\04.Monster\Lab_Drum</Filter>
    </ClInclude>
    <ClInclude Include="..\public\Lab_Mage.h">
      <Filter>02.GameObjects\04.Monster\Lab_Mage</Filter>
    </ClInclude>
    <ClInclude Include="..\public\Lab_Troll.h">
      <Filter>02.GameObjects\04.Monster\Lab_Troll</Filter>
    </ClInclude>
    <ClInclude Include="..\public\Lab_Construct_Body.h">
      <Filter>02.GameObjects\04.Monster\Lab_Construct\Lab_Construct_Body</Filter>
    </ClInclude>
    <ClInclude Include="..\public\Lab_Drum_Body.h">
      <Filter>02.GameObjects\04.Monster\Lab_Drum\Lab_Drum_Body</Filter>
    </ClInclude>
    <ClInclude Include="..\public\Lab_Mage_Body.h">
      <Filter>02.GameObjects\04.Monster\Lab_Mage\Lab_Mage_Body</Filter>
    </ClInclude>
    <ClInclude Include="..\public\Lab_Troll_Body.h">
      <Filter>02.GameObjects\04.Monster\Lab_Troll\Lab_Troll_Body</Filter>
    </ClInclude>
    <ClInclude Include="..\public\Lab_Troll_Weapon.h">
      <Filter>02.GameObjects\04.Monster\Lab_Troll\Lab_Troll_Weapon</Filter>
    </ClInclude>
    <ClInclude Include="..\public\Sky.h">
      <Filter>02.GameObjects\06.Sky</Filter>
    </ClInclude>
    <ClInclude Include="..\public\Boss_Lab_Attack.h">
      <Filter>02.GameObjects\04.Monster\Boss_Lab\Boss_Lab_Attack</Filter>
    </ClInclude>
    <ClInclude Include="..\public\Lab_Construct_Attack.h">
      <Filter>02.GameObjects\04.Monster\Lab_Construct\Lab_Construct_Attack</Filter>
    </ClInclude>
    <ClInclude Include="..\public\Lab_Drum_Attack.h">
      <Filter>02.GameObjects\04.Monster\Lab_Drum\Lab_Drum_Attack</Filter>
    </ClInclude>
    <ClInclude Include="..\public\Lab_Mage_Attack.h">
      <Filter>02.GameObjects\04.Monster\Lab_Mage\Lab_Mage_Attack</Filter>
    </ClInclude>
  </ItemGroup>
  <ItemGroup>
    <ClCompile Include="Client.cpp">
      <Filter>98.Default</Filter>
    </ClCompile>
    <ClCompile Include="stdafx.cpp">
      <Filter>98.Default</Filter>
    </ClCompile>
    <ClCompile Include="..\Private\MainApp.cpp">
      <Filter>00.MainApp</Filter>
    </ClCompile>
    <ClCompile Include="..\Private\Level_GamePlay.cpp">
      <Filter>01.Levels\GamePlay</Filter>
    </ClCompile>
    <ClCompile Include="..\Private\Level_Logo.cpp">
      <Filter>01.Levels\Logo</Filter>
    </ClCompile>
    <ClCompile Include="..\Private\Level_Loading.cpp">
      <Filter>01.Levels\Loading</Filter>
    </ClCompile>
    <ClCompile Include="..\private\Loader.cpp">
      <Filter>01.Levels\Loading\Loader</Filter>
    </ClCompile>
    <ClCompile Include="..\private\BackGround.cpp">
      <Filter>02.GameObjects\00.BackGround</Filter>
    </ClCompile>
    <ClCompile Include="..\Private\Terrain.cpp">
      <Filter>02.GameObjects\01.Terrain</Filter>
    </ClCompile>
    <ClCompile Include="..\private\FreeCamera.cpp">
      <Filter>02.GameObjects\99.Camera</Filter>
    </ClCompile>
    <ClCompile Include="..\Private\Labyrinth.cpp">
      <Filter>02.GameObjects\02.Labyrinth</Filter>
    </ClCompile>
    <ClCompile Include="..\private\Monster.cpp">
      <Filter>02.GameObjects\04.Monster</Filter>
    </ClCompile>
    <ClCompile Include="..\private\Player.cpp">
      <Filter>02.GameObjects\03.Player</Filter>
    </ClCompile>
    <ClCompile Include="..\private\Player_State.cpp">
      <Filter>02.GameObjects\03.Player\Player_State</Filter>
    </ClCompile>
    <ClCompile Include="..\private\Player_Attack.cpp">
      <Filter>02.GameObjects\03.Player\Player_State\Player_Attack</Filter>
    </ClCompile>
    <ClCompile Include="..\private\Player_Move.cpp">
      <Filter>02.GameObjects\03.Player\Player_State\Player_Move</Filter>
    </ClCompile>
    <ClCompile Include="..\private\Player_Block.cpp">
      <Filter>02.GameObjects\03.Player\Player_State\Player_Block</Filter>
    </ClCompile>
    <ClCompile Include="..\private\Player_Jump.cpp">
      <Filter>02.GameObjects\03.Player\Player_State\Player_Jump</Filter>
    </ClCompile>
    <ClCompile Include="..\private\Player_Action.cpp">
      <Filter>02.GameObjects\03.Player\Player_State\Player_Action</Filter>
    </ClCompile>
    <ClCompile Include="..\private\Player_Impact.cpp">
      <Filter>02.GameObjects\03.Player\Player_State\Player_Impact</Filter>
    </ClCompile>
    <ClCompile Include="..\private\Player_Part.cpp">
      <Filter>02.GameObjects\03.Player\Player_Part</Filter>
    </ClCompile>
    <ClCompile Include="..\private\Player_Body.cpp">
      <Filter>02.GameObjects\03.Player\Player_Part\Player_Part_Body</Filter>
    </ClCompile>
    <ClCompile Include="..\private\Player_Weapon.cpp">
      <Filter>02.GameObjects\03.Player\Player_Part\Player_Part_Weapon</Filter>
    </ClCompile>
    <ClCompile Include="..\private\Boss_Lab_Body.cpp">
      <Filter>02.GameObjects\04.Monster\Boss_Lab\Boss_Lab_Body</Filter>
    </ClCompile>
    <ClCompile Include="..\private\Boss_Lab.cpp">
      <Filter>02.GameObjects\04.Monster\Boss_Lab</Filter>
    </ClCompile>
    <ClCompile Include="..\private\Player_Shield.cpp">
      <Filter>02.GameObjects\03.Player\Player_Part\Player_Part_Shield</Filter>
    </ClCompile>
    <ClCompile Include="..\private\PuzzleBase.cpp">
      <Filter>02.GameObjects\05.Puzzle</Filter>
    </ClCompile>
    <ClCompile Include="..\private\PuzzlePart.cpp">
      <Filter>02.GameObjects\05.Puzzle\PuzzlePart</Filter>
    </ClCompile>
    <ClCompile Include="..\private\FloorChunk.cpp">
      <Filter>02.GameObjects\02.Labyrinth\FloorChunk</Filter>
    </ClCompile>
    <ClCompile Include="..\private\Lab_Construct.cpp">
      <Filter>02.GameObjects\04.Monster\Lab_Construct</Filter>
    </ClCompile>
    <ClCompile Include="..\private\Lab_Drum.cpp">
      <Filter>02.GameObjects\04.Monster\Lab_Drum</Filter>
    </ClCompile>
    <ClCompile Include="..\private\Lab_Mage.cpp">
      <Filter>02.GameObjects\04.Monster\Lab_Mage</Filter>
    </ClCompile>
    <ClCompile Include="..\private\Lab_Troll.cpp">
      <Filter>02.GameObjects\04.Monster\Lab_Troll</Filter>
    </ClCompile>
    <ClCompile Include="..\private\Lab_Construct_Body.cpp">
      <Filter>02.GameObjects\04.Monster\Lab_Construct\Lab_Construct_Body</Filter>
    </ClCompile>
    <ClCompile Include="..\private\Lab_Drum_Body.cpp">
      <Filter>02.GameObjects\04.Monster\Lab_Drum\Lab_Drum_Body</Filter>
    </ClCompile>
    <ClCompile Include="..\private\Lab_Mage_Body.cpp">
      <Filter>02.GameObjects\04.Monster\Lab_Mage\Lab_Mage_Body</Filter>
    </ClCompile>
    <ClCompile Include="..\private\Lab_Troll_Body.cpp">
      <Filter>02.GameObjects\04.Monster\Lab_Troll\Lab_Troll_Body</Filter>
    </ClCompile>
    <ClCompile Include="..\private\Lab_Troll_Weapon.cpp">
      <Filter>02.GameObjects\04.Monster\Lab_Troll\Lab_Troll_Weapon</Filter>
    </ClCompile>
    <ClCompile Include="..\private\Sky.cpp">
      <Filter>02.GameObjects\06.Sky</Filter>
    </ClCompile>
    <ClCompile Include="..\private\Boss_Lab_Attack.cpp">
      <Filter>02.GameObjects\04.Monster\Boss_Lab\Boss_Lab_Attack</Filter>
    </ClCompile>
    <ClCompile Include="..\private\Lab_Construct_Attack.cpp">
      <Filter>02.GameObjects\04.Monster\Lab_Construct\Lab_Construct_Attack</Filter>
    </ClCompile>
    <ClCompile Include="..\private\Lab_Drum_Attack.cpp">
      <Filter>02.GameObjects\04.Monster\Lab_Drum\Lab_Drum_Attack</Filter>
    </ClCompile>
    <ClCompile Include="..\private\Lab_Mage_Attack.cpp">
      <Filter>02.GameObjects\04.Monster\Lab_Mage\Lab_Mage_Attack</Filter>
    </ClCompile>
  </ItemGroup>
  <ItemGroup>
    <Image Include="Client.ico">
      <Filter>98.Default</Filter>
    </Image>
    <Image Include="small.ico">
      <Filter>98.Default</Filter>
    </Image>
  </ItemGroup>
  <ItemGroup>
    <ResourceCompile Include="Client.rc">
      <Filter>98.Default</Filter>
    </ResourceCompile>
  </ItemGroup>
  <ItemGroup>
    <Text Include="ReadMe.txt">
      <Filter>98.Default</Filter>
    </Text>
  </ItemGroup>
  <ItemGroup>
    <FxCompile Include="..\Bin\ShaderFiles\Shader_VtxPosTex.hlsl">
      <Filter>97.ShaderFiles</Filter>
    </FxCompile>
    <FxCompile Include="..\Bin\ShaderFiles\Shader_VtxNorTex.hlsl">
      <Filter>97.ShaderFiles</Filter>
    </FxCompile>
    <FxCompile Include="..\Bin\ShaderFiles\Shader_VtxModel.hlsl">
      <Filter>97.ShaderFiles</Filter>
    </FxCompile>
    <FxCompile Include="..\Bin\ShaderFiles\Shader_VtxAnimModel.hlsl">
      <Filter>97.ShaderFiles</Filter>
    </FxCompile>
    <FxCompile Include="..\Bin\ShaderFiles\Shader_VtxCubeTex.hlsl">
      <Filter>97.ShaderFiles</Filter>
    </FxCompile>
  </ItemGroup>
</Project>